{
  "originHash" : "da96c1b0f072c265ab902c850835f7378975c99168b9e098be34fd3784b5f3a9",
  "pins" : [
    {
      "identity" : "kingfisher",
      "kind" : "remoteSourceControl",
      "location" : "https://github.com/onevcat/Kingfisher.git",
      "state" : {
        "revision" : "cf8be20d07654570554c8a8a4952bc8a5766a8b0"
      }
    }
  ],
  "version" : 3
}
