PODS:
  - BetslipSDK (0.1.0):
    - FightDeckRNRuntime
  - DepositSDK (0.1.0):
    - FightDeckRNRuntime
  - FightDeckRNRuntime (0.1.0)
  - FighterSDK (0.1.0):
    - FightDeckRNRuntime

DEPENDENCIES:
  - BetslipSDK (from `../sdks/out/ios-vendor`)
  - DepositSDK (from `../sdks/out/ios-vendor`)
  - FightDeckRNRuntime (from `../sdks/out/ios-vendor`)
  - FighterSDK (from `../sdks/out/ios-vendor`)

EXTERNAL SOURCES:
  BetslipSDK:
    :path: "../sdks/out/ios-vendor"
  DepositSDK:
    :path: "../sdks/out/ios-vendor"
  FightDeckRNRuntime:
    :path: "../sdks/out/ios-vendor"
  FighterSDK:
    :path: "../sdks/out/ios-vendor"

SPEC CHECKSUMS:
  BetslipSDK: c0c48220c2ab267c4c50c7cfba89b3af2ff4dee8
  DepositSDK: f24efb09ae6ffdfd027a36e7d93196b19c5607f4
  FightDeckRNRuntime: 1708169c3d8e87bcdf62e19277a02ea0484699f1
  FighterSDK: 5955e9f33120b89c701a6576dbe1e159ce0f88c2

PODFILE CHECKSUM: 72f409d2122fe03c9ac0fca0a099ae6b660c0ad4

COCOAPODS: 1.17.0
