// !$*UTF8*$!
{
	archiveVersion = 1;
	classes = {
	};
	objectVersion = 77;
	objects = {

/* Begin PBXBuildFile section */
		121DAF6A9B96CD9E90E14CB1 /* FightDeckApp.swift in Sources */ = {isa = PBXBuildFile; fileRef = 4C795D634FBE423DA73379AD /* FightDeckApp.swift */; };
		1C262F5D708A6338257EF70E /* libPods-FightDeckHosts-FightDeckHarnessBoth.a in Frameworks */ = {isa = PBXBuildFile; fileRef = BBAA32F52E90D6D9361F0894 /* libPods-FightDeckHosts-FightDeckHarnessBoth.a */; };
		1C84F198CEB8A156310C9CB1 /* BoutDetailView.swift in Sources */ = {isa = PBXBuildFile; fileRef = AAB442BB8215C16DC9340B4D /* BoutDetailView.swift */; };
		1E9B7F54B619FE2CC2F389E5 /* NavigationTypes.swift in Sources */ = {isa = PBXBuildFile; fileRef = 3FC75FA0405673FE2D33D98A /* NavigationTypes.swift */; };
		228F77DD9BA46F68C4053B69 /* PrivacyInfo.xcprivacy in Resources */ = {isa = PBXBuildFile; fileRef = D3245733F2AEC761C41A8841 /* PrivacyInfo.xcprivacy */; };
		29E7993B696622F4AAB54B4A /* PrivacyInfo.xcprivacy in Resources */ = {isa = PBXBuildFile; fileRef = D3245733F2AEC761C41A8841 /* PrivacyInfo.xcprivacy */; };
		3129973EC0A1BE6E3FF738B4 /* JSONFileRepository.swift in Sources */ = {isa = PBXBuildFile; fileRef = 61D15408C406DA2BBD11C236 /* JSONFileRepository.swift */; };
		3573316A38C53771E5FB45DF /* HarnessRootView.swift in Sources */ = {isa = PBXBuildFile; fileRef = 1E1C7202AD7E58476A06D92F /* HarnessRootView.swift */; };
		486B5A4A780C5BFA3F1F1168 /* HarnessApp.swift in Sources */ = {isa = PBXBuildFile; fileRef = 0647ED8C093622F890944CA4 /* HarnessApp.swift */; };
		4E611D55600DAA37CC51E58B /* SharedViews.swift in Sources */ = {isa = PBXBuildFile; fileRef = F35181339B0E2720AE567AEE /* SharedViews.swift */; };
		4EB5AD674C29B3702A72F9C1 /* BalanceToolbar.swift in Sources */ = {isa = PBXBuildFile; fileRef = 3EDC3F92ADF1DE2D2A81B3DD /* BalanceToolbar.swift */; };
		4ECABE7D0B4968F1D2D9D3C6 /* RNIntegrationTests.swift in Sources */ = {isa = PBXBuildFile; fileRef = 872B1166B1D25E7E5D989756 /* RNIntegrationTests.swift */; };
		4F89F75A213A30B11EED4201 /* DepositSheetView.swift in Sources */ = {isa = PBXBuildFile; fileRef = 75C2A72B63B08F70F23F0D50 /* DepositSheetView.swift */; };
		52C14E008A21D4D0F5897C98 /* libPods-FightDeckHosts-FightDeck.a in Frameworks */ = {isa = PBXBuildFile; fileRef = 1C5575774D090CDCA8E371C9 /* libPods-FightDeckHosts-FightDeck.a */; };
		54A6F6976569EF82BB16CD8F /* Money.swift in Sources */ = {isa = PBXBuildFile; fileRef = F13620DECF8F3F4F8315E5EE /* Money.swift */; };
		5AC16DDC8278439AC39636B4 /* DisplayFormatting.swift in Sources */ = {isa = PBXBuildFile; fileRef = 5CCE11576590506A00252D6D /* DisplayFormatting.swift */; };
		5D57430FFA97C15866EA31B3 /* HarnessSurface.swift in Sources */ = {isa = PBXBuildFile; fileRef = 2D854B46AAE164C6D3E38C90 /* HarnessSurface.swift */; };
		6BC0BF513175E7D13038C269 /* DatasetModels.swift in Sources */ = {isa = PBXBuildFile; fileRef = 5CB34A2F61DC158028871445 /* DatasetModels.swift */; };
		72A0C1EFE8F1504E099601BC /* DesignTokens.swift in Sources */ = {isa = PBXBuildFile; fileRef = 82B9CFB4C74FF65DFE48BE85 /* DesignTokens.swift */; };
		8124699FEEDD6B02A56ABA0D /* FightCore.swift in Sources */ = {isa = PBXBuildFile; fileRef = 8831274D01290C44D15A32E7 /* FightCore.swift */; };
		8CC540AE2FD450B9960879BA /* AppState.swift in Sources */ = {isa = PBXBuildFile; fileRef = 667CCDA71CC013177D5B28C2 /* AppState.swift */; };
		8D6CF781BD2AB632A1F65C11 /* FightCoreTypes.swift in Sources */ = {isa = PBXBuildFile; fileRef = B472255B466D66FBEFC149DD /* FightCoreTypes.swift */; };
		9C4FE6062E1470B7C31FB2BA /* OddsEngine.swift in Sources */ = {isa = PBXBuildFile; fileRef = 53C181750E494A6F381C9FD6 /* OddsEngine.swift */; };
		A402CB917785917767655284 /* HarnessSurface.swift in Sources */ = {isa = PBXBuildFile; fileRef = 2D854B46AAE164C6D3E38C90 /* HarnessSurface.swift */; };
		A6E2DD46038133AF8914EB17 /* HarnessSurface.swift in Sources */ = {isa = PBXBuildFile; fileRef = 2D854B46AAE164C6D3E38C90 /* HarnessSurface.swift */; };
		A7DC7E370D4A474AA69194D9 /* HarnessApp.swift in Sources */ = {isa = PBXBuildFile; fileRef = 0647ED8C093622F890944CA4 /* HarnessApp.swift */; };
		A9D2FBC350EF86BA51352D89 /* PrivacyInfo.xcprivacy in Resources */ = {isa = PBXBuildFile; fileRef = D3245733F2AEC761C41A8841 /* PrivacyInfo.xcprivacy */; };
		ABA9D7356B66A20625AFC74B /* EventsViews.swift in Sources */ = {isa = PBXBuildFile; fileRef = DAF3347F556E995F73653E0C /* EventsViews.swift */; };
		B359B610F51E3205EEAA29EF /* NewsViews.swift in Sources */ = {isa = PBXBuildFile; fileRef = 4A5C66B1CE93502EF9451749 /* NewsViews.swift */; };
		B603524C507D3C50B68CB0A5 /* FighterProfileView.swift in Sources */ = {isa = PBXBuildFile; fileRef = 12D762AB5E58D883BC6C7987 /* FighterProfileView.swift */; };
		B6D9AD2AAC514D4E6A09798F /* Assets.xcassets in Resources */ = {isa = PBXBuildFile; fileRef = 42A7D4655065DF81DD8E152C /* Assets.xcassets */; };
		B7CCACB5780A03933477148D /* HarnessApp.swift in Sources */ = {isa = PBXBuildFile; fileRef = 0647ED8C093622F890944CA4 /* HarnessApp.swift */; };
		C219E2D43031698375BF6850 /* SDKBootstrap.swift in Sources */ = {isa = PBXBuildFile; fileRef = D1A404DE6EFEBAE3F21E69C2 /* SDKBootstrap.swift */; };
		C4CA6A81A1FF9EEF26C24A03 /* HarnessRootView.swift in Sources */ = {isa = PBXBuildFile; fileRef = C893901A338D23A9ED33B5FA /* HarnessRootView.swift */; };
		C9FE804A18590BE2B67D3CDA /* HarnessRootView.swift in Sources */ = {isa = PBXBuildFile; fileRef = E41381468C24B4370929B7F4 /* HarnessRootView.swift */; };
		CB8E928A5EE956E1044A1854 /* SlipViews.swift in Sources */ = {isa = PBXBuildFile; fileRef = BD1EF6FAE0DB9EE14EB7981D /* SlipViews.swift */; };
		D79D06A5FAC5D9BBB640EB86 /* libPods-FightDeckHosts-FightDeckHarnessRuntime.a in Frameworks */ = {isa = PBXBuildFile; fileRef = E5BBCF33ADA7A8A14C63A278 /* libPods-FightDeckHosts-FightDeckHarnessRuntime.a */; };
		D88514F3E77C7745F5A44E07 /* VideoScreenView.swift in Sources */ = {isa = PBXBuildFile; fileRef = AA676CB1E6AB45112C26A625 /* VideoScreenView.swift */; };
		DCD04D23BC99278D7CE14300 /* PrivacyInfo.xcprivacy in Resources */ = {isa = PBXBuildFile; fileRef = D3245733F2AEC761C41A8841 /* PrivacyInfo.xcprivacy */; };
		DDFF1D921ADB8162551A7F6E /* RootView.swift in Sources */ = {isa = PBXBuildFile; fileRef = 813BD28F72479374E713963B /* RootView.swift */; };
		DFA4D23F3110353C6DEE4934 /* LocalAssetServer.swift in Sources */ = {isa = PBXBuildFile; fileRef = 6D34EEDECC04717530EBD821 /* LocalAssetServer.swift */; };
		E9C4F079293B3B86093E18F1 /* FightCoreDisplay.swift in Sources */ = {isa = PBXBuildFile; fileRef = 656180D875946D196F0E3DDD /* FightCoreDisplay.swift */; };
		EA048786B062CB10545A4144 /* RNSurfaceLayout.swift in Sources */ = {isa = PBXBuildFile; fileRef = 1073B4632A753F69C87D7C9B /* RNSurfaceLayout.swift */; };
		EEE3C21C56429E390283D9FD /* FightRepository.swift in Sources */ = {isa = PBXBuildFile; fileRef = 15B935DE3BDB2F1EAF34DCAC /* FightRepository.swift */; };
		F2145FE5DA42059AA6E8A9DD /* Kingfisher in Frameworks */ = {isa = PBXBuildFile; productRef = EB24ADA9E5AFC5BCC1D7199B /* Kingfisher */; };
		FA10FFC173DFAE7CA640DC6E /* libPods-FightDeckHosts-FightDeckHarnessDeposit.a in Frameworks */ = {isa = PBXBuildFile; fileRef = EEA2AC30F112F35928372D8F /* libPods-FightDeckHosts-FightDeckHarnessDeposit.a */; };
/* End PBXBuildFile section */

/* Begin PBXContainerItemProxy section */
		F38554DA20F31E855AEE5D7A /* PBXContainerItemProxy */ = {
			isa = PBXContainerItemProxy;
			containerPortal = 9F0D4232E4AEFDB2469578BB /* Project object */;
			proxyType = 1;
			remoteGlobalIDString = A14FF0BBB1A87FBC2C0E6EB7;
			remoteInfo = FightDeck;
		};
/* End PBXContainerItemProxy section */

/* Begin PBXFileReference section */
		04FF4541992DC2C0DF8B91E5 /* FightDeckHarnessDeposit.app */ = {isa = PBXFileReference; includeInIndex = 0; lastKnownFileType = wrapper.application; path = FightDeckHarnessDeposit.app; sourceTree = BUILT_PRODUCTS_DIR; };
		0647ED8C093622F890944CA4 /* HarnessApp.swift */ = {isa = PBXFileReference; lastKnownFileType = sourcecode.swift; path = HarnessApp.swift; sourceTree = "<group>"; };
		1073B4632A753F69C87D7C9B /* RNSurfaceLayout.swift */ = {isa = PBXFileReference; lastKnownFileType = sourcecode.swift; path = RNSurfaceLayout.swift; sourceTree = "<group>"; };
		12D762AB5E58D883BC6C7987 /* FighterProfileView.swift */ = {isa = PBXFileReference; lastKnownFileType = sourcecode.swift; path = FighterProfileView.swift; sourceTree = "<group>"; };
		15B935DE3BDB2F1EAF34DCAC /* FightRepository.swift */ = {isa = PBXFileReference; lastKnownFileType = sourcecode.swift; path = FightRepository.swift; sourceTree = "<group>"; };
		1855FA16DD4899AFA6BC8E0E /* FightDeckHarnessBoth.app */ = {isa = PBXFileReference; includeInIndex = 0; lastKnownFileType = wrapper.application; path = FightDeckHarnessBoth.app; sourceTree = BUILT_PRODUCTS_DIR; };
		19C6FAF6C14F3469B54DAE14 /* FightDeckUITests.xctest */ = {isa = PBXFileReference; includeInIndex = 0; lastKnownFileType = wrapper.cfbundle; path = FightDeckUITests.xctest; sourceTree = BUILT_PRODUCTS_DIR; };
		1C5575774D090CDCA8E371C9 /* libPods-FightDeckHosts-FightDeck.a */ = {isa = PBXFileReference; explicitFileType = archive.ar; includeInIndex = 0; path = "libPods-FightDeckHosts-FightDeck.a"; sourceTree = BUILT_PRODUCTS_DIR; };
		1E1C7202AD7E58476A06D92F /* HarnessRootView.swift */ = {isa = PBXFileReference; lastKnownFileType = sourcecode.swift; path = HarnessRootView.swift; sourceTree = "<group>"; };
		2D854B46AAE164C6D3E38C90 /* HarnessSurface.swift */ = {isa = PBXFileReference; lastKnownFileType = sourcecode.swift; path = HarnessSurface.swift; sourceTree = "<group>"; };
		2F0214C30CFC140C3B27B8ED /* Pods-FightDeckHosts-FightDeckHarnessRuntime.release.xcconfig */ = {isa = PBXFileReference; includeInIndex = 1; lastKnownFileType = text.xcconfig; name = "Pods-FightDeckHosts-FightDeckHarnessRuntime.release.xcconfig"; path = "Target Support Files/Pods-FightDeckHosts-FightDeckHarnessRuntime/Pods-FightDeckHosts-FightDeckHarnessRuntime.release.xcconfig"; sourceTree = "<group>"; };
		3EDC3F92ADF1DE2D2A81B3DD /* BalanceToolbar.swift */ = {isa = PBXFileReference; lastKnownFileType = sourcecode.swift; path = BalanceToolbar.swift; sourceTree = "<group>"; };
		3FC75FA0405673FE2D33D98A /* NavigationTypes.swift */ = {isa = PBXFileReference; lastKnownFileType = sourcecode.swift; path = NavigationTypes.swift; sourceTree = "<group>"; };
		42A7D4655065DF81DD8E152C /* Assets.xcassets */ = {isa = PBXFileReference; lastKnownFileType = folder.assetcatalog; path = Assets.xcassets; sourceTree = "<group>"; };
		4A5C66B1CE93502EF9451749 /* NewsViews.swift */ = {isa = PBXFileReference; lastKnownFileType = sourcecode.swift; path = NewsViews.swift; sourceTree = "<group>"; };
		4C795D634FBE423DA73379AD /* FightDeckApp.swift */ = {isa = PBXFileReference; lastKnownFileType = sourcecode.swift; path = FightDeckApp.swift; sourceTree = "<group>"; };
		53C181750E494A6F381C9FD6 /* OddsEngine.swift */ = {isa = PBXFileReference; lastKnownFileType = sourcecode.swift; path = OddsEngine.swift; sourceTree = "<group>"; };
		5CB34A2F61DC158028871445 /* DatasetModels.swift */ = {isa = PBXFileReference; lastKnownFileType = sourcecode.swift; path = DatasetModels.swift; sourceTree = "<group>"; };
		5CCE11576590506A00252D6D /* DisplayFormatting.swift */ = {isa = PBXFileReference; lastKnownFileType = sourcecode.swift; path = DisplayFormatting.swift; sourceTree = "<group>"; };
		606C263180013ECA3AB0129F /* Pods-FightDeckHosts-FightDeckHarnessDeposit.debug.xcconfig */ = {isa = PBXFileReference; includeInIndex = 1; lastKnownFileType = text.xcconfig; name = "Pods-FightDeckHosts-FightDeckHarnessDeposit.debug.xcconfig"; path = "Target Support Files/Pods-FightDeckHosts-FightDeckHarnessDeposit/Pods-FightDeckHosts-FightDeckHarnessDeposit.debug.xcconfig"; sourceTree = "<group>"; };
		61625EF88D5EF0820298B034 /* Pods-FightDeckHosts-FightDeckHarnessBoth.release.xcconfig */ = {isa = PBXFileReference; includeInIndex = 1; lastKnownFileType = text.xcconfig; name = "Pods-FightDeckHosts-FightDeckHarnessBoth.release.xcconfig"; path = "Target Support Files/Pods-FightDeckHosts-FightDeckHarnessBoth/Pods-FightDeckHosts-FightDeckHarnessBoth.release.xcconfig"; sourceTree = "<group>"; };
		61D15408C406DA2BBD11C236 /* JSONFileRepository.swift */ = {isa = PBXFileReference; lastKnownFileType = sourcecode.swift; path = JSONFileRepository.swift; sourceTree = "<group>"; };
		656180D875946D196F0E3DDD /* FightCoreDisplay.swift */ = {isa = PBXFileReference; lastKnownFileType = sourcecode.swift; path = FightCoreDisplay.swift; sourceTree = "<group>"; };
		667CCDA71CC013177D5B28C2 /* AppState.swift */ = {isa = PBXFileReference; lastKnownFileType = sourcecode.swift; path = AppState.swift; sourceTree = "<group>"; };
		6D34EEDECC04717530EBD821 /* LocalAssetServer.swift */ = {isa = PBXFileReference; lastKnownFileType = sourcecode.swift; path = LocalAssetServer.swift; sourceTree = "<group>"; };
		75C2A72B63B08F70F23F0D50 /* DepositSheetView.swift */ = {isa = PBXFileReference; lastKnownFileType = sourcecode.swift; path = DepositSheetView.swift; sourceTree = "<group>"; };
		813BD28F72479374E713963B /* RootView.swift */ = {isa = PBXFileReference; lastKnownFileType = sourcecode.swift; path = RootView.swift; sourceTree = "<group>"; };
		82B9CFB4C74FF65DFE48BE85 /* DesignTokens.swift */ = {isa = PBXFileReference; lastKnownFileType = sourcecode.swift; path = DesignTokens.swift; sourceTree = "<group>"; };
		872B1166B1D25E7E5D989756 /* RNIntegrationTests.swift */ = {isa = PBXFileReference; lastKnownFileType = sourcecode.swift; path = RNIntegrationTests.swift; sourceTree = "<group>"; };
		8831274D01290C44D15A32E7 /* FightCore.swift */ = {isa = PBXFileReference; lastKnownFileType = sourcecode.swift; path = FightCore.swift; sourceTree = "<group>"; };
		992440A70F2E2DCD051FFF1F /* FightDeck.app */ = {isa = PBXFileReference; includeInIndex = 0; lastKnownFileType = wrapper.application; path = FightDeck.app; sourceTree = BUILT_PRODUCTS_DIR; };
		9A9CC18077424EE4AB89A7F1 /* Pods-FightDeckHosts-FightDeck.release.xcconfig */ = {isa = PBXFileReference; includeInIndex = 1; lastKnownFileType = text.xcconfig; name = "Pods-FightDeckHosts-FightDeck.release.xcconfig"; path = "Target Support Files/Pods-FightDeckHosts-FightDeck/Pods-FightDeckHosts-FightDeck.release.xcconfig"; sourceTree = "<group>"; };
		A12CF68210908C0AD88AF1B1 /* Pods-FightDeckHosts-FightDeckHarnessBoth.debug.xcconfig */ = {isa = PBXFileReference; includeInIndex = 1; lastKnownFileType = text.xcconfig; name = "Pods-FightDeckHosts-FightDeckHarnessBoth.debug.xcconfig"; path = "Target Support Files/Pods-FightDeckHosts-FightDeckHarnessBoth/Pods-FightDeckHosts-FightDeckHarnessBoth.debug.xcconfig"; sourceTree = "<group>"; };
		AA676CB1E6AB45112C26A625 /* VideoScreenView.swift */ = {isa = PBXFileReference; lastKnownFileType = sourcecode.swift; path = VideoScreenView.swift; sourceTree = "<group>"; };
		AAB442BB8215C16DC9340B4D /* BoutDetailView.swift */ = {isa = PBXFileReference; lastKnownFileType = sourcecode.swift; path = BoutDetailView.swift; sourceTree = "<group>"; };
		ADF44905D008D70F453CB726 /* Pods-FightDeckHosts-FightDeckHarnessRuntime.debug.xcconfig */ = {isa = PBXFileReference; includeInIndex = 1; lastKnownFileType = text.xcconfig; name = "Pods-FightDeckHosts-FightDeckHarnessRuntime.debug.xcconfig"; path = "Target Support Files/Pods-FightDeckHosts-FightDeckHarnessRuntime/Pods-FightDeckHosts-FightDeckHarnessRuntime.debug.xcconfig"; sourceTree = "<group>"; };
		B472255B466D66FBEFC149DD /* FightCoreTypes.swift */ = {isa = PBXFileReference; lastKnownFileType = sourcecode.swift; path = FightCoreTypes.swift; sourceTree = "<group>"; };
		BBAA32F52E90D6D9361F0894 /* libPods-FightDeckHosts-FightDeckHarnessBoth.a */ = {isa = PBXFileReference; explicitFileType = archive.ar; includeInIndex = 0; path = "libPods-FightDeckHosts-FightDeckHarnessBoth.a"; sourceTree = BUILT_PRODUCTS_DIR; };
		BD1EF6FAE0DB9EE14EB7981D /* SlipViews.swift */ = {isa = PBXFileReference; lastKnownFileType = sourcecode.swift; path = SlipViews.swift; sourceTree = "<group>"; };
		C893901A338D23A9ED33B5FA /* HarnessRootView.swift */ = {isa = PBXFileReference; lastKnownFileType = sourcecode.swift; path = HarnessRootView.swift; sourceTree = "<group>"; };
		D1A404DE6EFEBAE3F21E69C2 /* SDKBootstrap.swift */ = {isa = PBXFileReference; lastKnownFileType = sourcecode.swift; path = SDKBootstrap.swift; sourceTree = "<group>"; };
		D3245733F2AEC761C41A8841 /* PrivacyInfo.xcprivacy */ = {isa = PBXFileReference; includeInIndex = 1; name = PrivacyInfo.xcprivacy; path = ../PrivacyInfo.xcprivacy; sourceTree = "<group>"; };
		D83B2FF9D94616387CC70FFE /* Info.plist */ = {isa = PBXFileReference; lastKnownFileType = text.plist; path = Info.plist; sourceTree = "<group>"; };
		DAF3347F556E995F73653E0C /* EventsViews.swift */ = {isa = PBXFileReference; lastKnownFileType = sourcecode.swift; path = EventsViews.swift; sourceTree = "<group>"; };
		DE5AB7C32DFB35889C1F056E /* FightDeckHarnessRuntime.app */ = {isa = PBXFileReference; includeInIndex = 0; lastKnownFileType = wrapper.application; path = FightDeckHarnessRuntime.app; sourceTree = BUILT_PRODUCTS_DIR; };
		E41381468C24B4370929B7F4 /* HarnessRootView.swift */ = {isa = PBXFileReference; lastKnownFileType = sourcecode.swift; path = HarnessRootView.swift; sourceTree = "<group>"; };
		E5BBCF33ADA7A8A14C63A278 /* libPods-FightDeckHosts-FightDeckHarnessRuntime.a */ = {isa = PBXFileReference; explicitFileType = archive.ar; includeInIndex = 0; path = "libPods-FightDeckHosts-FightDeckHarnessRuntime.a"; sourceTree = BUILT_PRODUCTS_DIR; };
		EC4724909969E41CAAA84832 /* Pods-FightDeckHosts-FightDeck.debug.xcconfig */ = {isa = PBXFileReference; includeInIndex = 1; lastKnownFileType = text.xcconfig; name = "Pods-FightDeckHosts-FightDeck.debug.xcconfig"; path = "Target Support Files/Pods-FightDeckHosts-FightDeck/Pods-FightDeckHosts-FightDeck.debug.xcconfig"; sourceTree = "<group>"; };
		EEA2AC30F112F35928372D8F /* libPods-FightDeckHosts-FightDeckHarnessDeposit.a */ = {isa = PBXFileReference; explicitFileType = archive.ar; includeInIndex = 0; path = "libPods-FightDeckHosts-FightDeckHarnessDeposit.a"; sourceTree = BUILT_PRODUCTS_DIR; };
		EF318E7F7743C26E13867A92 /* Pods-FightDeckHosts-FightDeckHarnessDeposit.release.xcconfig */ = {isa = PBXFileReference; includeInIndex = 1; lastKnownFileType = text.xcconfig; name = "Pods-FightDeckHosts-FightDeckHarnessDeposit.release.xcconfig"; path = "Target Support Files/Pods-FightDeckHosts-FightDeckHarnessDeposit/Pods-FightDeckHosts-FightDeckHarnessDeposit.release.xcconfig"; sourceTree = "<group>"; };
		F13620DECF8F3F4F8315E5EE /* Money.swift */ = {isa = PBXFileReference; lastKnownFileType = sourcecode.swift; path = Money.swift; sourceTree = "<group>"; };
		F35181339B0E2720AE567AEE /* SharedViews.swift */ = {isa = PBXFileReference; lastKnownFileType = sourcecode.swift; path = SharedViews.swift; sourceTree = "<group>"; };
/* End PBXFileReference section */

/* Begin PBXFrameworksBuildPhase section */
		3AB8990457B0E767483034F1 /* Frameworks */ = {
			isa = PBXFrameworksBuildPhase;
			buildActionMask = 2147483647;
			files = (
				1C262F5D708A6338257EF70E /* libPods-FightDeckHosts-FightDeckHarnessBoth.a in Frameworks */,
			);
			runOnlyForDeploymentPostprocessing = 0;
		};
		8FB1D06474B2D730B4A262FC /* Frameworks */ = {
			isa = PBXFrameworksBuildPhase;
			buildActionMask = 2147483647;
			files = (
				F2145FE5DA42059AA6E8A9DD /* Kingfisher in Frameworks */,
				52C14E008A21D4D0F5897C98 /* libPods-FightDeckHosts-FightDeck.a in Frameworks */,
			);
			runOnlyForDeploymentPostprocessing = 0;
		};
		96EA283C4EF46BC281DE7BDD /* Frameworks */ = {
			isa = PBXFrameworksBuildPhase;
			buildActionMask = 2147483647;
			files = (
				D79D06A5FAC5D9BBB640EB86 /* libPods-FightDeckHosts-FightDeckHarnessRuntime.a in Frameworks */,
			);
			runOnlyForDeploymentPostprocessing = 0;
		};
		FBE7531DBDAF06E82FE5E83F /* Frameworks */ = {
			isa = PBXFrameworksBuildPhase;
			buildActionMask = 2147483647;
			files = (
				FA10FFC173DFAE7CA640DC6E /* libPods-FightDeckHosts-FightDeckHarnessDeposit.a in Frameworks */,
			);
			runOnlyForDeploymentPostprocessing = 0;
		};
/* End PBXFrameworksBuildPhase section */

/* Begin PBXGroup section */
		06C4F34D11EF696A840E88AF /* Frameworks */ = {
			isa = PBXGroup;
			children = (
				1C5575774D090CDCA8E371C9 /* libPods-FightDeckHosts-FightDeck.a */,
				BBAA32F52E90D6D9361F0894 /* libPods-FightDeckHosts-FightDeckHarnessBoth.a */,
				EEA2AC30F112F35928372D8F /* libPods-FightDeckHosts-FightDeckHarnessDeposit.a */,
				E5BBCF33ADA7A8A14C63A278 /* libPods-FightDeckHosts-FightDeckHarnessRuntime.a */,
			);
			name = Frameworks;
			sourceTree = "<group>";
		};
		0FEDBDDAC1739C981E1110C6 /* Fighter */ = {
			isa = PBXGroup;
			children = (
				12D762AB5E58D883BC6C7987 /* FighterProfileView.swift */,
			);
			path = Fighter;
			sourceTree = "<group>";
		};
		19BF9CE4D715EB0BF35D72DE /* Core */ = {
			isa = PBXGroup;
			children = (
				5CCE11576590506A00252D6D /* DisplayFormatting.swift */,
				8831274D01290C44D15A32E7 /* FightCore.swift */,
				656180D875946D196F0E3DDD /* FightCoreDisplay.swift */,
				B472255B466D66FBEFC149DD /* FightCoreTypes.swift */,
				F13620DECF8F3F4F8315E5EE /* Money.swift */,
				53C181750E494A6F381C9FD6 /* OddsEngine.swift */,
			);
			path = Core;
			sourceTree = "<group>";
		};
		1A992D0B696BC9CBBD148621 /* FightDeck */ = {
			isa = PBXGroup;
			children = (
				FC9A8117960E37A37439C968 /* App */,
				19BF9CE4D715EB0BF35D72DE /* Core */,
				DD501D722148505373B76B7C /* Data */,
				597885188A52341204C88A1C /* Deposit */,
				AC106BAA8D8C9E35E88A5DB7 /* Design */,
				BB2ACDBD1A29E5EB7A4575B7 /* Features */,
				F8E622B7794169669381AB5A /* SDK */,
				FE9EE388C310ED4AB6AE0712 /* Services */,
				42A7D4655065DF81DD8E152C /* Assets.xcassets */,
				D83B2FF9D94616387CC70FFE /* Info.plist */,
				D3245733F2AEC761C41A8841 /* PrivacyInfo.xcprivacy */,
			);
			path = FightDeck;
			sourceTree = "<group>";
		};
		1F692D97CA0DBB45E2966CF9 /* Shared */ = {
			isa = PBXGroup;
			children = (
				0647ED8C093622F890944CA4 /* HarnessApp.swift */,
				2D854B46AAE164C6D3E38C90 /* HarnessSurface.swift */,
			);
			path = Shared;
			sourceTree = "<group>";
		};
		291FDAC4F8BE766B9255E642 /* Slip */ = {
			isa = PBXGroup;
			children = (
				BD1EF6FAE0DB9EE14EB7981D /* SlipViews.swift */,
			);
			path = Slip;
			sourceTree = "<group>";
		};
		3F783D8202D7DC5872A05043 /* Both */ = {
			isa = PBXGroup;
			children = (
				E41381468C24B4370929B7F4 /* HarnessRootView.swift */,
			);
			path = Both;
			sourceTree = "<group>";
		};
		597885188A52341204C88A1C /* Deposit */ = {
			isa = PBXGroup;
			children = (
				75C2A72B63B08F70F23F0D50 /* DepositSheetView.swift */,
			);
			path = Deposit;
			sourceTree = "<group>";
		};
		60BFBC836841FB27DECDD988 /* News */ = {
			isa = PBXGroup;
			children = (
				4A5C66B1CE93502EF9451749 /* NewsViews.swift */,
			);
			path = News;
			sourceTree = "<group>";
		};
		858CCEEBED387BE4B0B45FAC /* Pods */ = {
			isa = PBXGroup;
			children = (
				EC4724909969E41CAAA84832 /* Pods-FightDeckHosts-FightDeck.debug.xcconfig */,
				9A9CC18077424EE4AB89A7F1 /* Pods-FightDeckHosts-FightDeck.release.xcconfig */,
				A12CF68210908C0AD88AF1B1 /* Pods-FightDeckHosts-FightDeckHarnessBoth.debug.xcconfig */,
				61625EF88D5EF0820298B034 /* Pods-FightDeckHosts-FightDeckHarnessBoth.release.xcconfig */,
				606C263180013ECA3AB0129F /* Pods-FightDeckHosts-FightDeckHarnessDeposit.debug.xcconfig */,
				EF318E7F7743C26E13867A92 /* Pods-FightDeckHosts-FightDeckHarnessDeposit.release.xcconfig */,
				ADF44905D008D70F453CB726 /* Pods-FightDeckHosts-FightDeckHarnessRuntime.debug.xcconfig */,
				2F0214C30CFC140C3B27B8ED /* Pods-FightDeckHosts-FightDeckHarnessRuntime.release.xcconfig */,
			);
			name = Pods;
			path = Pods;
			sourceTree = "<group>";
		};
		9F8C945A0C8FB47D84AF102F = {
			isa = PBXGroup;
			children = (
				1A992D0B696BC9CBBD148621 /* FightDeck */,
				E3612764317CDA593DFB745F /* FightDeckUITests */,
				BB2DC0DB85479AB4A39D5BA0 /* Harness */,
				A1088A6E4DD381B5E286242F /* Products */,
				858CCEEBED387BE4B0B45FAC /* Pods */,
				06C4F34D11EF696A840E88AF /* Frameworks */,
			);
			sourceTree = "<group>";
		};
		A1088A6E4DD381B5E286242F /* Products */ = {
			isa = PBXGroup;
			children = (
				992440A70F2E2DCD051FFF1F /* FightDeck.app */,
				1855FA16DD4899AFA6BC8E0E /* FightDeckHarnessBoth.app */,
				04FF4541992DC2C0DF8B91E5 /* FightDeckHarnessDeposit.app */,
				DE5AB7C32DFB35889C1F056E /* FightDeckHarnessRuntime.app */,
				19C6FAF6C14F3469B54DAE14 /* FightDeckUITests.xctest */,
			);
			name = Products;
			sourceTree = "<group>";
		};
		ABDD89A563D0A09DC64BE76C /* Runtime */ = {
			isa = PBXGroup;
			children = (
				1E1C7202AD7E58476A06D92F /* HarnessRootView.swift */,
			);
			path = Runtime;
			sourceTree = "<group>";
		};
		AC106BAA8D8C9E35E88A5DB7 /* Design */ = {
			isa = PBXGroup;
			children = (
				3EDC3F92ADF1DE2D2A81B3DD /* BalanceToolbar.swift */,
				82B9CFB4C74FF65DFE48BE85 /* DesignTokens.swift */,
				F35181339B0E2720AE567AEE /* SharedViews.swift */,
			);
			path = Design;
			sourceTree = "<group>";
		};
		B3841DF99C502708B47473FF /* Video */ = {
			isa = PBXGroup;
			children = (
				AA676CB1E6AB45112C26A625 /* VideoScreenView.swift */,
			);
			path = Video;
			sourceTree = "<group>";
		};
		BB2ACDBD1A29E5EB7A4575B7 /* Features */ = {
			isa = PBXGroup;
			children = (
				D683F966B6BF1040B731A301 /* Events */,
				0FEDBDDAC1739C981E1110C6 /* Fighter */,
				60BFBC836841FB27DECDD988 /* News */,
				291FDAC4F8BE766B9255E642 /* Slip */,
				B3841DF99C502708B47473FF /* Video */,
			);
			path = Features;
			sourceTree = "<group>";
		};
		BB2DC0DB85479AB4A39D5BA0 /* Harness */ = {
			isa = PBXGroup;
			children = (
				3F783D8202D7DC5872A05043 /* Both */,
				D4BA1DFA5F5D3B61C4E70F6B /* Deposit */,
				ABDD89A563D0A09DC64BE76C /* Runtime */,
				1F692D97CA0DBB45E2966CF9 /* Shared */,
			);
			path = Harness;
			sourceTree = "<group>";
		};
		D4BA1DFA5F5D3B61C4E70F6B /* Deposit */ = {
			isa = PBXGroup;
			children = (
				C893901A338D23A9ED33B5FA /* HarnessRootView.swift */,
			);
			path = Deposit;
			sourceTree = "<group>";
		};
		D683F966B6BF1040B731A301 /* Events */ = {
			isa = PBXGroup;
			children = (
				AAB442BB8215C16DC9340B4D /* BoutDetailView.swift */,
				DAF3347F556E995F73653E0C /* EventsViews.swift */,
			);
			path = Events;
			sourceTree = "<group>";
		};
		DD501D722148505373B76B7C /* Data */ = {
			isa = PBXGroup;
			children = (
				5CB34A2F61DC158028871445 /* DatasetModels.swift */,
				15B935DE3BDB2F1EAF34DCAC /* FightRepository.swift */,
				61D15408C406DA2BBD11C236 /* JSONFileRepository.swift */,
			);
			path = Data;
			sourceTree = "<group>";
		};
		E3612764317CDA593DFB745F /* FightDeckUITests */ = {
			isa = PBXGroup;
			children = (
				872B1166B1D25E7E5D989756 /* RNIntegrationTests.swift */,
			);
			path = FightDeckUITests;
			sourceTree = "<group>";
		};
		F8E622B7794169669381AB5A /* SDK */ = {
			isa = PBXGroup;
			children = (
				1073B4632A753F69C87D7C9B /* RNSurfaceLayout.swift */,
				D1A404DE6EFEBAE3F21E69C2 /* SDKBootstrap.swift */,
			);
			path = SDK;
			sourceTree = "<group>";
		};
		FC9A8117960E37A37439C968 /* App */ = {
			isa = PBXGroup;
			children = (
				667CCDA71CC013177D5B28C2 /* AppState.swift */,
				4C795D634FBE423DA73379AD /* FightDeckApp.swift */,
				3FC75FA0405673FE2D33D98A /* NavigationTypes.swift */,
				813BD28F72479374E713963B /* RootView.swift */,
			);
			path = App;
			sourceTree = "<group>";
		};
		FE9EE388C310ED4AB6AE0712 /* Services */ = {
			isa = PBXGroup;
			children = (
				6D34EEDECC04717530EBD821 /* LocalAssetServer.swift */,
			);
			path = Services;
			sourceTree = "<group>";
		};
/* End PBXGroup section */

/* Begin PBXNativeTarget section */
		159F2179243B9BCB664C4453 /* FightDeckHarnessRuntime */ = {
			isa = PBXNativeTarget;
			buildConfigurationList = 19BDDF83FD9CB1BD02731E33 /* Build configuration list for PBXNativeTarget "FightDeckHarnessRuntime" */;
			buildPhases = (
				7D5050D2E2627F40BF65F9DB /* [CP] Check Pods Manifest.lock */,
				A56275E8185162E488D6D500 /* Sources */,
				915C7781D29DA432D7FAC1D0 /* Resources */,
				96EA283C4EF46BC281DE7BDD /* Frameworks */,
				C9A314240464A15B61182B47 /* [CP] Embed Pods Frameworks */,
				467C3082C1561213CCC19E1B /* [CP] Copy Pods Resources */,
			);
			buildRules = (
			);
			dependencies = (
			);
			name = FightDeckHarnessRuntime;
			productName = FightDeckHarnessRuntime;
			productReference = DE5AB7C32DFB35889C1F056E /* FightDeckHarnessRuntime.app */;
			productType = "com.apple.product-type.application";
		};
		4E593AC1BB4F8BA756C61049 /* FightDeckUITests */ = {
			isa = PBXNativeTarget;
			buildConfigurationList = B7B15D16CC95842B0276D311 /* Build configuration list for PBXNativeTarget "FightDeckUITests" */;
			buildPhases = (
				E8F74D1D220DC49B5AFC32CE /* Sources */,
			);
			buildRules = (
			);
			dependencies = (
				800E654811EE2322AF35036B /* PBXTargetDependency */,
			);
			name = FightDeckUITests;
			productName = FightDeckUITests;
			productReference = 19C6FAF6C14F3469B54DAE14 /* FightDeckUITests.xctest */;
			productType = "com.apple.product-type.bundle.ui-testing";
		};
		87C3F406FC14B040C96ED043 /* FightDeckHarnessBoth */ = {
			isa = PBXNativeTarget;
			buildConfigurationList = F7BC2D5C21B74ABE1A71BF06 /* Build configuration list for PBXNativeTarget "FightDeckHarnessBoth" */;
			buildPhases = (
				A89F1DB708357A9F30E91E51 /* [CP] Check Pods Manifest.lock */,
				A2F105E102064BD3CEA2426A /* Sources */,
				33871D7E30FD821A037B197F /* Resources */,
				3AB8990457B0E767483034F1 /* Frameworks */,
				404E672FA48FB49C7A0F382C /* [CP] Embed Pods Frameworks */,
				D3F9F59BC44F9824EC67BCCA /* [CP] Copy Pods Resources */,
			);
			buildRules = (
			);
			dependencies = (
			);
			name = FightDeckHarnessBoth;
			productName = FightDeckHarnessBoth;
			productReference = 1855FA16DD4899AFA6BC8E0E /* FightDeckHarnessBoth.app */;
			productType = "com.apple.product-type.application";
		};
		A14FF0BBB1A87FBC2C0E6EB7 /* FightDeck */ = {
			isa = PBXNativeTarget;
			buildConfigurationList = AE21C478BC5DC370EF8E33A0 /* Build configuration list for PBXNativeTarget "FightDeck" */;
			buildPhases = (
				B6B386930B4C5A365A2AF8D3 /* [CP] Check Pods Manifest.lock */,
				3AD307C6196DE9DC1C5BD5E4 /* Sources */,
				77BEBE6D04B62A674E0DC9CC /* Resources */,
				8FB1D06474B2D730B4A262FC /* Frameworks */,
				FF1975B80055390A12E0E698 /* [CP] Embed Pods Frameworks */,
				6A000E532C60E7C764789F5B /* [CP] Copy Pods Resources */,
			);
			buildRules = (
			);
			dependencies = (
			);
			name = FightDeck;
			packageProductDependencies = (
				EB24ADA9E5AFC5BCC1D7199B /* Kingfisher */,
			);
			productName = FightDeck;
			productReference = 992440A70F2E2DCD051FFF1F /* FightDeck.app */;
			productType = "com.apple.product-type.application";
		};
		D890208DA2836CBCECEB16F7 /* FightDeckHarnessDeposit */ = {
			isa = PBXNativeTarget;
			buildConfigurationList = 7D0A4DBA1608825E558DA136 /* Build configuration list for PBXNativeTarget "FightDeckHarnessDeposit" */;
			buildPhases = (
				0BAA4CD5B288A2E886009DF6 /* [CP] Check Pods Manifest.lock */,
				89A3877D6837A345B0877D97 /* Sources */,
				977B9D4A07062F366B35E9E7 /* Resources */,
				FBE7531DBDAF06E82FE5E83F /* Frameworks */,
				0D5A5F9BE67EBD39214F142D /* [CP] Embed Pods Frameworks */,
				A3FD5CD56800D837556DC10B /* [CP] Copy Pods Resources */,
			);
			buildRules = (
			);
			dependencies = (
			);
			name = FightDeckHarnessDeposit;
			productName = FightDeckHarnessDeposit;
			productReference = 04FF4541992DC2C0DF8B91E5 /* FightDeckHarnessDeposit.app */;
			productType = "com.apple.product-type.application";
		};
/* End PBXNativeTarget section */

/* Begin PBXProject section */
		9F0D4232E4AEFDB2469578BB /* Project object */ = {
			isa = PBXProject;
			attributes = {
				BuildIndependentTargetsInParallel = YES;
				LastUpgradeCheck = 1430;
				TargetAttributes = {
					159F2179243B9BCB664C4453 = {
						DevelopmentTeam = "";
					};
					4E593AC1BB4F8BA756C61049 = {
						DevelopmentTeam = "";
						TestTargetID = A14FF0BBB1A87FBC2C0E6EB7;
					};
					87C3F406FC14B040C96ED043 = {
						DevelopmentTeam = "";
					};
					A14FF0BBB1A87FBC2C0E6EB7 = {
						DevelopmentTeam = "";
					};
					D890208DA2836CBCECEB16F7 = {
						DevelopmentTeam = "";
					};
				};
			};
			buildConfigurationList = 5F353E26F03D0AC9A44F47B2 /* Build configuration list for PBXProject "FightDeck" */;
			developmentRegion = en;
			hasScannedForEncodings = 0;
			knownRegions = (
				Base,
				en,
			);
			mainGroup = 9F8C945A0C8FB47D84AF102F;
			minimizedProjectReferenceProxies = 1;
			packageReferences = (
				34BF9620CC0AB094DC284E64 /* XCRemoteSwiftPackageReference "Kingfisher" */,
			);
			preferredProjectObjectVersion = 77;
			productRefGroup = A1088A6E4DD381B5E286242F /* Products */;
			projectDirPath = "";
			projectRoot = "";
			targets = (
				A14FF0BBB1A87FBC2C0E6EB7 /* FightDeck */,
				159F2179243B9BCB664C4453 /* FightDeckHarnessRuntime */,
				D890208DA2836CBCECEB16F7 /* FightDeckHarnessDeposit */,
				87C3F406FC14B040C96ED043 /* FightDeckHarnessBoth */,
				4E593AC1BB4F8BA756C61049 /* FightDeckUITests */,
			);
		};
/* End PBXProject section */

/* Begin PBXResourcesBuildPhase section */
		33871D7E30FD821A037B197F /* Resources */ = {
			isa = PBXResourcesBuildPhase;
			buildActionMask = 2147483647;
			files = (
				DCD04D23BC99278D7CE14300 /* PrivacyInfo.xcprivacy in Resources */,
			);
			runOnlyForDeploymentPostprocessing = 0;
		};
		77BEBE6D04B62A674E0DC9CC /* Resources */ = {
			isa = PBXResourcesBuildPhase;
			buildActionMask = 2147483647;
			files = (
				B6D9AD2AAC514D4E6A09798F /* Assets.xcassets in Resources */,
				29E7993B696622F4AAB54B4A /* PrivacyInfo.xcprivacy in Resources */,
			);
			runOnlyForDeploymentPostprocessing = 0;
		};
		915C7781D29DA432D7FAC1D0 /* Resources */ = {
			isa = PBXResourcesBuildPhase;
			buildActionMask = 2147483647;
			files = (
				228F77DD9BA46F68C4053B69 /* PrivacyInfo.xcprivacy in Resources */,
			);
			runOnlyForDeploymentPostprocessing = 0;
		};
		977B9D4A07062F366B35E9E7 /* Resources */ = {
			isa = PBXResourcesBuildPhase;
			buildActionMask = 2147483647;
			files = (
				A9D2FBC350EF86BA51352D89 /* PrivacyInfo.xcprivacy in Resources */,
			);
			runOnlyForDeploymentPostprocessing = 0;
		};
/* End PBXResourcesBuildPhase section */

/* Begin PBXShellScriptBuildPhase section */
		0BAA4CD5B288A2E886009DF6 /* [CP] Check Pods Manifest.lock */ = {
			isa = PBXShellScriptBuildPhase;
			buildActionMask = 2147483647;
			files = (
			);
			inputFileListPaths = (
			);
			inputPaths = (
				"${PODS_PODFILE_DIR_PATH}/Podfile.lock",
				"${PODS_ROOT}/Manifest.lock",
			);
			name = "[CP] Check Pods Manifest.lock";
			outputFileListPaths = (
			);
			outputPaths = (
				"$(DERIVED_FILE_DIR)/Pods-FightDeckHosts-FightDeckHarnessDeposit-checkManifestLockResult.txt",
			);
			runOnlyForDeploymentPostprocessing = 0;
			shellPath = /bin/sh;
			shellScript = "diff \"${PODS_PODFILE_DIR_PATH}/Podfile.lock\" \"${PODS_ROOT}/Manifest.lock\" > /dev/null\nif [ $? != 0 ] ; then\n    # print error to STDERR\n    echo \"error: The sandbox is not in sync with the Podfile.lock. Run 'pod install' or update your CocoaPods installation.\" >&2\n    exit 1\nfi\n# This output is used by Xcode 'outputs' to avoid re-running this script phase.\necho \"SUCCESS\" > \"${SCRIPT_OUTPUT_FILE_0}\"\n";
			showEnvVarsInLog = 0;
		};
		0D5A5F9BE67EBD39214F142D /* [CP] Embed Pods Frameworks */ = {
			isa = PBXShellScriptBuildPhase;
			buildActionMask = 2147483647;
			files = (
			);
			inputFileListPaths = (
				"${PODS_ROOT}/Target Support Files/Pods-FightDeckHosts-FightDeckHarnessDeposit/Pods-FightDeckHosts-FightDeckHarnessDeposit-frameworks-${CONFIGURATION}-input-files.xcfilelist",
			);
			name = "[CP] Embed Pods Frameworks";
			outputFileListPaths = (
				"${PODS_ROOT}/Target Support Files/Pods-FightDeckHosts-FightDeckHarnessDeposit/Pods-FightDeckHosts-FightDeckHarnessDeposit-frameworks-${CONFIGURATION}-output-files.xcfilelist",
			);
			runOnlyForDeploymentPostprocessing = 0;
			shellPath = /bin/sh;
			shellScript = "\"${PODS_ROOT}/Target Support Files/Pods-FightDeckHosts-FightDeckHarnessDeposit/Pods-FightDeckHosts-FightDeckHarnessDeposit-frameworks.sh\"\n";
			showEnvVarsInLog = 0;
		};
		404E672FA48FB49C7A0F382C /* [CP] Embed Pods Frameworks */ = {
			isa = PBXShellScriptBuildPhase;
			buildActionMask = 2147483647;
			files = (
			);
			inputFileListPaths = (
				"${PODS_ROOT}/Target Support Files/Pods-FightDeckHosts-FightDeckHarnessBoth/Pods-FightDeckHosts-FightDeckHarnessBoth-frameworks-${CONFIGURATION}-input-files.xcfilelist",
			);
			name = "[CP] Embed Pods Frameworks";
			outputFileListPaths = (
				"${PODS_ROOT}/Target Support Files/Pods-FightDeckHosts-FightDeckHarnessBoth/Pods-FightDeckHosts-FightDeckHarnessBoth-frameworks-${CONFIGURATION}-output-files.xcfilelist",
			);
			runOnlyForDeploymentPostprocessing = 0;
			shellPath = /bin/sh;
			shellScript = "\"${PODS_ROOT}/Target Support Files/Pods-FightDeckHosts-FightDeckHarnessBoth/Pods-FightDeckHosts-FightDeckHarnessBoth-frameworks.sh\"\n";
			showEnvVarsInLog = 0;
		};
		467C3082C1561213CCC19E1B /* [CP] Copy Pods Resources */ = {
			isa = PBXShellScriptBuildPhase;
			buildActionMask = 2147483647;
			files = (
			);
			inputFileListPaths = (
				"${PODS_ROOT}/Target Support Files/Pods-FightDeckHosts-FightDeckHarnessRuntime/Pods-FightDeckHosts-FightDeckHarnessRuntime-resources-${CONFIGURATION}-input-files.xcfilelist",
			);
			name = "[CP] Copy Pods Resources";
			outputFileListPaths = (
				"${PODS_ROOT}/Target Support Files/Pods-FightDeckHosts-FightDeckHarnessRuntime/Pods-FightDeckHosts-FightDeckHarnessRuntime-resources-${CONFIGURATION}-output-files.xcfilelist",
			);
			runOnlyForDeploymentPostprocessing = 0;
			shellPath = /bin/sh;
			shellScript = "\"${PODS_ROOT}/Target Support Files/Pods-FightDeckHosts-FightDeckHarnessRuntime/Pods-FightDeckHosts-FightDeckHarnessRuntime-resources.sh\"\n";
			showEnvVarsInLog = 0;
		};
		6A000E532C60E7C764789F5B /* [CP] Copy Pods Resources */ = {
			isa = PBXShellScriptBuildPhase;
			buildActionMask = 2147483647;
			files = (
			);
			inputFileListPaths = (
				"${PODS_ROOT}/Target Support Files/Pods-FightDeckHosts-FightDeck/Pods-FightDeckHosts-FightDeck-resources-${CONFIGURATION}-input-files.xcfilelist",
			);
			name = "[CP] Copy Pods Resources";
			outputFileListPaths = (
				"${PODS_ROOT}/Target Support Files/Pods-FightDeckHosts-FightDeck/Pods-FightDeckHosts-FightDeck-resources-${CONFIGURATION}-output-files.xcfilelist",
			);
			runOnlyForDeploymentPostprocessing = 0;
			shellPath = /bin/sh;
			shellScript = "\"${PODS_ROOT}/Target Support Files/Pods-FightDeckHosts-FightDeck/Pods-FightDeckHosts-FightDeck-resources.sh\"\n";
			showEnvVarsInLog = 0;
		};
		7D5050D2E2627F40BF65F9DB /* [CP] Check Pods Manifest.lock */ = {
			isa = PBXShellScriptBuildPhase;
			buildActionMask = 2147483647;
			files = (
			);
			inputFileListPaths = (
			);
			inputPaths = (
				"${PODS_PODFILE_DIR_PATH}/Podfile.lock",
				"${PODS_ROOT}/Manifest.lock",
			);
			name = "[CP] Check Pods Manifest.lock";
			outputFileListPaths = (
			);
			outputPaths = (
				"$(DERIVED_FILE_DIR)/Pods-FightDeckHosts-FightDeckHarnessRuntime-checkManifestLockResult.txt",
			);
			runOnlyForDeploymentPostprocessing = 0;
			shellPath = /bin/sh;
			shellScript = "diff \"${PODS_PODFILE_DIR_PATH}/Podfile.lock\" \"${PODS_ROOT}/Manifest.lock\" > /dev/null\nif [ $? != 0 ] ; then\n    # print error to STDERR\n    echo \"error: The sandbox is not in sync with the Podfile.lock. Run 'pod install' or update your CocoaPods installation.\" >&2\n    exit 1\nfi\n# This output is used by Xcode 'outputs' to avoid re-running this script phase.\necho \"SUCCESS\" > \"${SCRIPT_OUTPUT_FILE_0}\"\n";
			showEnvVarsInLog = 0;
		};
		A3FD5CD56800D837556DC10B /* [CP] Copy Pods Resources */ = {
			isa = PBXShellScriptBuildPhase;
			buildActionMask = 2147483647;
			files = (
			);
			inputFileListPaths = (
				"${PODS_ROOT}/Target Support Files/Pods-FightDeckHosts-FightDeckHarnessDeposit/Pods-FightDeckHosts-FightDeckHarnessDeposit-resources-${CONFIGURATION}-input-files.xcfilelist",
			);
			name = "[CP] Copy Pods Resources";
			outputFileListPaths = (
				"${PODS_ROOT}/Target Support Files/Pods-FightDeckHosts-FightDeckHarnessDeposit/Pods-FightDeckHosts-FightDeckHarnessDeposit-resources-${CONFIGURATION}-output-files.xcfilelist",
			);
			runOnlyForDeploymentPostprocessing = 0;
			shellPath = /bin/sh;
			shellScript = "\"${PODS_ROOT}/Target Support Files/Pods-FightDeckHosts-FightDeckHarnessDeposit/Pods-FightDeckHosts-FightDeckHarnessDeposit-resources.sh\"\n";
			showEnvVarsInLog = 0;
		};
		A89F1DB708357A9F30E91E51 /* [CP] Check Pods Manifest.lock */ = {
			isa = PBXShellScriptBuildPhase;
			buildActionMask = 2147483647;
			files = (
			);
			inputFileListPaths = (
			);
			inputPaths = (
				"${PODS_PODFILE_DIR_PATH}/Podfile.lock",
				"${PODS_ROOT}/Manifest.lock",
			);
			name = "[CP] Check Pods Manifest.lock";
			outputFileListPaths = (
			);
			outputPaths = (
				"$(DERIVED_FILE_DIR)/Pods-FightDeckHosts-FightDeckHarnessBoth-checkManifestLockResult.txt",
			);
			runOnlyForDeploymentPostprocessing = 0;
			shellPath = /bin/sh;
			shellScript = "diff \"${PODS_PODFILE_DIR_PATH}/Podfile.lock\" \"${PODS_ROOT}/Manifest.lock\" > /dev/null\nif [ $? != 0 ] ; then\n    # print error to STDERR\n    echo \"error: The sandbox is not in sync with the Podfile.lock. Run 'pod install' or update your CocoaPods installation.\" >&2\n    exit 1\nfi\n# This output is used by Xcode 'outputs' to avoid re-running this script phase.\necho \"SUCCESS\" > \"${SCRIPT_OUTPUT_FILE_0}\"\n";
			showEnvVarsInLog = 0;
		};
		B6B386930B4C5A365A2AF8D3 /* [CP] Check Pods Manifest.lock */ = {
			isa = PBXShellScriptBuildPhase;
			buildActionMask = 2147483647;
			files = (
			);
			inputFileListPaths = (
			);
			inputPaths = (
				"${PODS_PODFILE_DIR_PATH}/Podfile.lock",
				"${PODS_ROOT}/Manifest.lock",
			);
			name = "[CP] Check Pods Manifest.lock";
			outputFileListPaths = (
			);
			outputPaths = (
				"$(DERIVED_FILE_DIR)/Pods-FightDeckHosts-FightDeck-checkManifestLockResult.txt",
			);
			runOnlyForDeploymentPostprocessing = 0;
			shellPath = /bin/sh;
			shellScript = "diff \"${PODS_PODFILE_DIR_PATH}/Podfile.lock\" \"${PODS_ROOT}/Manifest.lock\" > /dev/null\nif [ $? != 0 ] ; then\n    # print error to STDERR\n    echo \"error: The sandbox is not in sync with the Podfile.lock. Run 'pod install' or update your CocoaPods installation.\" >&2\n    exit 1\nfi\n# This output is used by Xcode 'outputs' to avoid re-running this script phase.\necho \"SUCCESS\" > \"${SCRIPT_OUTPUT_FILE_0}\"\n";
			showEnvVarsInLog = 0;
		};
		C9A314240464A15B61182B47 /* [CP] Embed Pods Frameworks */ = {
			isa = PBXShellScriptBuildPhase;
			buildActionMask = 2147483647;
			files = (
			);
			inputFileListPaths = (
				"${PODS_ROOT}/Target Support Files/Pods-FightDeckHosts-FightDeckHarnessRuntime/Pods-FightDeckHosts-FightDeckHarnessRuntime-frameworks-${CONFIGURATION}-input-files.xcfilelist",
			);
			name = "[CP] Embed Pods Frameworks";
			outputFileListPaths = (
				"${PODS_ROOT}/Target Support Files/Pods-FightDeckHosts-FightDeckHarnessRuntime/Pods-FightDeckHosts-FightDeckHarnessRuntime-frameworks-${CONFIGURATION}-output-files.xcfilelist",
			);
			runOnlyForDeploymentPostprocessing = 0;
			shellPath = /bin/sh;
			shellScript = "\"${PODS_ROOT}/Target Support Files/Pods-FightDeckHosts-FightDeckHarnessRuntime/Pods-FightDeckHosts-FightDeckHarnessRuntime-frameworks.sh\"\n";
			showEnvVarsInLog = 0;
		};
		D3F9F59BC44F9824EC67BCCA /* [CP] Copy Pods Resources */ = {
			isa = PBXShellScriptBuildPhase;
			buildActionMask = 2147483647;
			files = (
			);
			inputFileListPaths = (
				"${PODS_ROOT}/Target Support Files/Pods-FightDeckHosts-FightDeckHarnessBoth/Pods-FightDeckHosts-FightDeckHarnessBoth-resources-${CONFIGURATION}-input-files.xcfilelist",
			);
			name = "[CP] Copy Pods Resources";
			outputFileListPaths = (
				"${PODS_ROOT}/Target Support Files/Pods-FightDeckHosts-FightDeckHarnessBoth/Pods-FightDeckHosts-FightDeckHarnessBoth-resources-${CONFIGURATION}-output-files.xcfilelist",
			);
			runOnlyForDeploymentPostprocessing = 0;
			shellPath = /bin/sh;
			shellScript = "\"${PODS_ROOT}/Target Support Files/Pods-FightDeckHosts-FightDeckHarnessBoth/Pods-FightDeckHosts-FightDeckHarnessBoth-resources.sh\"\n";
			showEnvVarsInLog = 0;
		};
		FF1975B80055390A12E0E698 /* [CP] Embed Pods Frameworks */ = {
			isa = PBXShellScriptBuildPhase;
			buildActionMask = 2147483647;
			files = (
			);
			inputFileListPaths = (
				"${PODS_ROOT}/Target Support Files/Pods-FightDeckHosts-FightDeck/Pods-FightDeckHosts-FightDeck-frameworks-${CONFIGURATION}-input-files.xcfilelist",
			);
			name = "[CP] Embed Pods Frameworks";
			outputFileListPaths = (
				"${PODS_ROOT}/Target Support Files/Pods-FightDeckHosts-FightDeck/Pods-FightDeckHosts-FightDeck-frameworks-${CONFIGURATION}-output-files.xcfilelist",
			);
			runOnlyForDeploymentPostprocessing = 0;
			shellPath = /bin/sh;
			shellScript = "\"${PODS_ROOT}/Target Support Files/Pods-FightDeckHosts-FightDeck/Pods-FightDeckHosts-FightDeck-frameworks.sh\"\n";
			showEnvVarsInLog = 0;
		};
/* End PBXShellScriptBuildPhase section */

/* Begin PBXSourcesBuildPhase section */
		3AD307C6196DE9DC1C5BD5E4 /* Sources */ = {
			isa = PBXSourcesBuildPhase;
			buildActionMask = 2147483647;
			files = (
				8CC540AE2FD450B9960879BA /* AppState.swift in Sources */,
				4EB5AD674C29B3702A72F9C1 /* BalanceToolbar.swift in Sources */,
				1C84F198CEB8A156310C9CB1 /* BoutDetailView.swift in Sources */,
				6BC0BF513175E7D13038C269 /* DatasetModels.swift in Sources */,
				4F89F75A213A30B11EED4201 /* DepositSheetView.swift in Sources */,
				72A0C1EFE8F1504E099601BC /* DesignTokens.swift in Sources */,
				5AC16DDC8278439AC39636B4 /* DisplayFormatting.swift in Sources */,
				ABA9D7356B66A20625AFC74B /* EventsViews.swift in Sources */,
				8124699FEEDD6B02A56ABA0D /* FightCore.swift in Sources */,
				E9C4F079293B3B86093E18F1 /* FightCoreDisplay.swift in Sources */,
				8D6CF781BD2AB632A1F65C11 /* FightCoreTypes.swift in Sources */,
				121DAF6A9B96CD9E90E14CB1 /* FightDeckApp.swift in Sources */,
				EEE3C21C56429E390283D9FD /* FightRepository.swift in Sources */,
				B603524C507D3C50B68CB0A5 /* FighterProfileView.swift in Sources */,
				3129973EC0A1BE6E3FF738B4 /* JSONFileRepository.swift in Sources */,
				DFA4D23F3110353C6DEE4934 /* LocalAssetServer.swift in Sources */,
				54A6F6976569EF82BB16CD8F /* Money.swift in Sources */,
				1E9B7F54B619FE2CC2F389E5 /* NavigationTypes.swift in Sources */,
				B359B610F51E3205EEAA29EF /* NewsViews.swift in Sources */,
				9C4FE6062E1470B7C31FB2BA /* OddsEngine.swift in Sources */,
				EA048786B062CB10545A4144 /* RNSurfaceLayout.swift in Sources */,
				DDFF1D921ADB8162551A7F6E /* RootView.swift in Sources */,
				C219E2D43031698375BF6850 /* SDKBootstrap.swift in Sources */,
				4E611D55600DAA37CC51E58B /* SharedViews.swift in Sources */,
				CB8E928A5EE956E1044A1854 /* SlipViews.swift in Sources */,
				D88514F3E77C7745F5A44E07 /* VideoScreenView.swift in Sources */,
			);
			runOnlyForDeploymentPostprocessing = 0;
		};
		89A3877D6837A345B0877D97 /* Sources */ = {
			isa = PBXSourcesBuildPhase;
			buildActionMask = 2147483647;
			files = (
				B7CCACB5780A03933477148D /* HarnessApp.swift in Sources */,
				C4CA6A81A1FF9EEF26C24A03 /* HarnessRootView.swift in Sources */,
				A402CB917785917767655284 /* HarnessSurface.swift in Sources */,
			);
			runOnlyForDeploymentPostprocessing = 0;
		};
		A2F105E102064BD3CEA2426A /* Sources */ = {
			isa = PBXSourcesBuildPhase;
			buildActionMask = 2147483647;
			files = (
				486B5A4A780C5BFA3F1F1168 /* HarnessApp.swift in Sources */,
				C9FE804A18590BE2B67D3CDA /* HarnessRootView.swift in Sources */,
				A6E2DD46038133AF8914EB17 /* HarnessSurface.swift in Sources */,
			);
			runOnlyForDeploymentPostprocessing = 0;
		};
		A56275E8185162E488D6D500 /* Sources */ = {
			isa = PBXSourcesBuildPhase;
			buildActionMask = 2147483647;
			files = (
				A7DC7E370D4A474AA69194D9 /* HarnessApp.swift in Sources */,
				3573316A38C53771E5FB45DF /* HarnessRootView.swift in Sources */,
				5D57430FFA97C15866EA31B3 /* HarnessSurface.swift in Sources */,
			);
			runOnlyForDeploymentPostprocessing = 0;
		};
		E8F74D1D220DC49B5AFC32CE /* Sources */ = {
			isa = PBXSourcesBuildPhase;
			buildActionMask = 2147483647;
			files = (
				4ECABE7D0B4968F1D2D9D3C6 /* RNIntegrationTests.swift in Sources */,
			);
			runOnlyForDeploymentPostprocessing = 0;
		};
/* End PBXSourcesBuildPhase section */

/* Begin PBXTargetDependency section */
		800E654811EE2322AF35036B /* PBXTargetDependency */ = {
			isa = PBXTargetDependency;
			target = A14FF0BBB1A87FBC2C0E6EB7 /* FightDeck */;
			targetProxy = F38554DA20F31E855AEE5D7A /* PBXContainerItemProxy */;
		};
/* End PBXTargetDependency section */

/* Begin XCBuildConfiguration section */
		2F178065AA8DE8889944FEA8 /* Release */ = {
			isa = XCBuildConfiguration;
			buildSettings = {
				ALWAYS_SEARCH_USER_PATHS = NO;
				CLANG_ANALYZER_NONNULL = YES;
				CLANG_ANALYZER_NUMBER_OBJECT_CONVERSION = YES_AGGRESSIVE;
				CLANG_CXX_LANGUAGE_STANDARD = "c++20";
				CLANG_CXX_LIBRARY = "libc++";
				CLANG_ENABLE_MODULES = YES;
				CLANG_ENABLE_OBJC_ARC = YES;
				CLANG_ENABLE_OBJC_WEAK = YES;
				CLANG_WARN_BLOCK_CAPTURE_AUTORELEASING = YES;
				CLANG_WARN_BOOL_CONVERSION = YES;
				CLANG_WARN_COMMA = YES;
				CLANG_WARN_CONSTANT_CONVERSION = YES;
				CLANG_WARN_DEPRECATED_OBJC_IMPLEMENTATIONS = YES;
				CLANG_WARN_DIRECT_OBJC_ISA_USAGE = YES_ERROR;
				CLANG_WARN_DOCUMENTATION_COMMENTS = YES;
				CLANG_WARN_EMPTY_BODY = YES;
				CLANG_WARN_ENUM_CONVERSION = YES;
				CLANG_WARN_INFINITE_RECURSION = YES;
				CLANG_WARN_INT_CONVERSION = YES;
				CLANG_WARN_NON_LITERAL_NULL_CONVERSION = YES;
				CLANG_WARN_OBJC_IMPLICIT_RETAIN_SELF = YES;
				CLANG_WARN_OBJC_LITERAL_CONVERSION = YES;
				CLANG_WARN_OBJC_ROOT_CLASS = YES_ERROR;
				CLANG_WARN_QUOTED_INCLUDE_IN_FRAMEWORK_HEADER = YES;
				CLANG_WARN_RANGE_LOOP_ANALYSIS = YES;
				CLANG_WARN_STRICT_PROTOTYPES = YES;
				CLANG_WARN_SUSPICIOUS_MOVE = YES;
				CLANG_WARN_UNGUARDED_AVAILABILITY = YES_AGGRESSIVE;
				CLANG_WARN_UNREACHABLE_CODE = YES;
				CLANG_WARN__DUPLICATE_METHOD_MATCH = YES;
				CODE_SIGNING_ALLOWED = NO;
				CODE_SIGN_IDENTITY = "";
				COPY_PHASE_STRIP = NO;
				DEBUG_INFORMATION_FORMAT = "dwarf-with-dsym";
				DEVELOPMENT_TEAM = "";
				ENABLE_NS_ASSERTIONS = NO;
				ENABLE_STRICT_OBJC_MSGSEND = YES;
				GCC_C_LANGUAGE_STANDARD = gnu11;
				GCC_NO_COMMON_BLOCKS = YES;
				GCC_WARN_64_TO_32_BIT_CONVERSION = YES;
				GCC_WARN_ABOUT_RETURN_TYPE = YES_ERROR;
				GCC_WARN_UNDECLARED_SELECTOR = YES;
				GCC_WARN_UNINITIALIZED_AUTOS = YES_AGGRESSIVE;
				GCC_WARN_UNUSED_FUNCTION = YES;
				GCC_WARN_UNUSED_VARIABLE = YES;
				IPHONEOS_DEPLOYMENT_TARGET = 26.1;
				MTL_ENABLE_DEBUG_INFO = NO;
				MTL_FAST_MATH = YES;
				OTHER_CFLAGS = (
					"$(inherited)",
					"-DRCT_REMOVE_LEGACY_ARCH=1",
				);
				OTHER_CPLUSPLUSFLAGS = (
					"$(inherited)",
					"-DRCT_REMOVE_LEGACY_ARCH=1",
				);
				PODFILE_DIR = "$(SRCROOT)";
				PRODUCT_NAME = "$(TARGET_NAME)";
				REACT_NATIVE_PATH = "${PODS_ROOT}/../../sdks/core/node_modules/react-native";
				SDKROOT = iphoneos;
				SWIFT_COMPILATION_MODE = wholemodule;
				SWIFT_OPTIMIZATION_LEVEL = "-O";
				SWIFT_STRICT_CONCURRENCY = complete;
				SWIFT_VERSION = 6.0;
				USE_HERMES = true;
			};
			name = Release;
		};
		3CE64FC7676D5B7E6E3B070A /* Release */ = {
			isa = XCBuildConfiguration;
			baseConfigurationReference = EF318E7F7743C26E13867A92 /* Pods-FightDeckHosts-FightDeckHarnessDeposit.release.xcconfig */;
			buildSettings = {
				ASSETCATALOG_COMPILER_APPICON_NAME = AppIcon;
				CODE_SIGN_IDENTITY = "iPhone Developer";
				ENABLE_USER_SCRIPT_SANDBOXING = NO;
				GENERATE_INFOPLIST_FILE = YES;
				INFOPLIST_KEY_CFBundleDisplayName = "FD3 H-Deposit";
				INFOPLIST_KEY_UILaunchScreen_Generation = YES;
				INFOPLIST_KEY_UISupportedInterfaceOrientations = UIInterfaceOrientationPortrait;
				LD_RUNPATH_SEARCH_PATHS = (
					"$(inherited)",
					"@executable_path/Frameworks",
				);
				OTHER_LDFLAGS = (
					"$(inherited)",
					"-lc++",
				);
				PRODUCT_BUNDLE_IDENTIFIER = com.fightdeck.sdk.rn.harness.deposit;
				SDKROOT = iphoneos;
				TARGETED_DEVICE_FAMILY = "1,2";
			};
			name = Release;
		};
		4E2A1FB3A2844F2A3395169F /* Debug */ = {
			isa = XCBuildConfiguration;
			baseConfigurationReference = A12CF68210908C0AD88AF1B1 /* Pods-FightDeckHosts-FightDeckHarnessBoth.debug.xcconfig */;
			buildSettings = {
				ASSETCATALOG_COMPILER_APPICON_NAME = AppIcon;
				CODE_SIGN_IDENTITY = "iPhone Developer";
				ENABLE_USER_SCRIPT_SANDBOXING = NO;
				GENERATE_INFOPLIST_FILE = YES;
				INFOPLIST_KEY_CFBundleDisplayName = "FD3 H-Both";
				INFOPLIST_KEY_UILaunchScreen_Generation = YES;
				INFOPLIST_KEY_UISupportedInterfaceOrientations = UIInterfaceOrientationPortrait;
				LD_RUNPATH_SEARCH_PATHS = (
					"$(inherited)",
					"@executable_path/Frameworks",
				);
				OTHER_LDFLAGS = (
					"$(inherited)",
					"-lc++",
				);
				PRODUCT_BUNDLE_IDENTIFIER = com.fightdeck.sdk.rn.harness.both;
				SDKROOT = iphoneos;
				TARGETED_DEVICE_FAMILY = "1,2";
			};
			name = Debug;
		};
		5564E6125AEF64BFA977DA9C /* Debug */ = {
			isa = XCBuildConfiguration;
			baseConfigurationReference = EC4724909969E41CAAA84832 /* Pods-FightDeckHosts-FightDeck.debug.xcconfig */;
			buildSettings = {
				ASSETCATALOG_COMPILER_APPICON_NAME = AppIcon;
				CODE_SIGN_IDENTITY = "iPhone Developer";
				ENABLE_USER_SCRIPT_SANDBOXING = NO;
				GENERATE_INFOPLIST_FILE = YES;
				INFOPLIST_FILE = FightDeck/Info.plist;
				INFOPLIST_KEY_CFBundleDisplayName = "FD 3 RN";
				INFOPLIST_KEY_NSAppTransportSecurity_NSAllowsLocalNetworking = YES;
				INFOPLIST_KEY_NSLocalNetworkUsageDescription = "Serves dataset images over localhost for demo image loading.";
				INFOPLIST_KEY_UILaunchScreen_Generation = YES;
				INFOPLIST_KEY_UISupportedInterfaceOrientations = UIInterfaceOrientationPortrait;
				LD_RUNPATH_SEARCH_PATHS = (
					"$(inherited)",
					"@executable_path/Frameworks",
				);
				PRODUCT_BUNDLE_IDENTIFIER = com.fightdeck.sdk.rn;
				SDKROOT = iphoneos;
				TARGETED_DEVICE_FAMILY = "1,2";
			};
			name = Debug;
		};
		5686C05F69A6B5ADCE6F0288 /* Debug */ = {
			isa = XCBuildConfiguration;
			baseConfigurationReference = 606C263180013ECA3AB0129F /* Pods-FightDeckHosts-FightDeckHarnessDeposit.debug.xcconfig */;
			buildSettings = {
				ASSETCATALOG_COMPILER_APPICON_NAME = AppIcon;
				CODE_SIGN_IDENTITY = "iPhone Developer";
				ENABLE_USER_SCRIPT_SANDBOXING = NO;
				GENERATE_INFOPLIST_FILE = YES;
				INFOPLIST_KEY_CFBundleDisplayName = "FD3 H-Deposit";
				INFOPLIST_KEY_UILaunchScreen_Generation = YES;
				INFOPLIST_KEY_UISupportedInterfaceOrientations = UIInterfaceOrientationPortrait;
				LD_RUNPATH_SEARCH_PATHS = (
					"$(inherited)",
					"@executable_path/Frameworks",
				);
				OTHER_LDFLAGS = (
					"$(inherited)",
					"-lc++",
				);
				PRODUCT_BUNDLE_IDENTIFIER = com.fightdeck.sdk.rn.harness.deposit;
				SDKROOT = iphoneos;
				TARGETED_DEVICE_FAMILY = "1,2";
			};
			name = Debug;
		};
		57354A7FD65C3ABF02482FB8 /* Debug */ = {
			isa = XCBuildConfiguration;
			baseConfigurationReference = ADF44905D008D70F453CB726 /* Pods-FightDeckHosts-FightDeckHarnessRuntime.debug.xcconfig */;
			buildSettings = {
				ASSETCATALOG_COMPILER_APPICON_NAME = AppIcon;
				CODE_SIGN_IDENTITY = "iPhone Developer";
				ENABLE_USER_SCRIPT_SANDBOXING = NO;
				GENERATE_INFOPLIST_FILE = YES;
				INFOPLIST_KEY_CFBundleDisplayName = "FD3 H-Runtime";
				INFOPLIST_KEY_UILaunchScreen_Generation = YES;
				INFOPLIST_KEY_UISupportedInterfaceOrientations = UIInterfaceOrientationPortrait;
				LD_RUNPATH_SEARCH_PATHS = (
					"$(inherited)",
					"@executable_path/Frameworks",
				);
				OTHER_LDFLAGS = (
					"$(inherited)",
					"-lc++",
				);
				PRODUCT_BUNDLE_IDENTIFIER = com.fightdeck.sdk.rn.harness.runtime;
				SDKROOT = iphoneos;
				TARGETED_DEVICE_FAMILY = "1,2";
			};
			name = Debug;
		};
		67FE8D83695E986DBD3919D2 /* Release */ = {
			isa = XCBuildConfiguration;
			buildSettings = {
				BUNDLE_LOADER = "$(TEST_HOST)";
				GENERATE_INFOPLIST_FILE = YES;
				LD_RUNPATH_SEARCH_PATHS = (
					"$(inherited)",
					"@executable_path/Frameworks",
					"@loader_path/Frameworks",
				);
				PRODUCT_BUNDLE_IDENTIFIER = com.fightdeck.FightDeckUITests;
				SDKROOT = iphoneos;
				TARGETED_DEVICE_FAMILY = "1,2";
				TEST_TARGET_NAME = FightDeck;
			};
			name = Release;
		};
		A51EFA01273B92885CB2B6B4 /* Release */ = {
			isa = XCBuildConfiguration;
			baseConfigurationReference = 9A9CC18077424EE4AB89A7F1 /* Pods-FightDeckHosts-FightDeck.release.xcconfig */;
			buildSettings = {
				ASSETCATALOG_COMPILER_APPICON_NAME = AppIcon;
				CODE_SIGN_IDENTITY = "iPhone Developer";
				ENABLE_USER_SCRIPT_SANDBOXING = NO;
				GENERATE_INFOPLIST_FILE = YES;
				INFOPLIST_FILE = FightDeck/Info.plist;
				INFOPLIST_KEY_CFBundleDisplayName = "FD 3 RN";
				INFOPLIST_KEY_NSAppTransportSecurity_NSAllowsLocalNetworking = YES;
				INFOPLIST_KEY_NSLocalNetworkUsageDescription = "Serves dataset images over localhost for demo image loading.";
				INFOPLIST_KEY_UILaunchScreen_Generation = YES;
				INFOPLIST_KEY_UISupportedInterfaceOrientations = UIInterfaceOrientationPortrait;
				LD_RUNPATH_SEARCH_PATHS = (
					"$(inherited)",
					"@executable_path/Frameworks",
				);
				PRODUCT_BUNDLE_IDENTIFIER = com.fightdeck.sdk.rn;
				SDKROOT = iphoneos;
				TARGETED_DEVICE_FAMILY = "1,2";
			};
			name = Release;
		};
		AEE66E8530021720B8A98B83 /* Release */ = {
			isa = XCBuildConfiguration;
			baseConfigurationReference = 61625EF88D5EF0820298B034 /* Pods-FightDeckHosts-FightDeckHarnessBoth.release.xcconfig */;
			buildSettings = {
				ASSETCATALOG_COMPILER_APPICON_NAME = AppIcon;
				CODE_SIGN_IDENTITY = "iPhone Developer";
				ENABLE_USER_SCRIPT_SANDBOXING = NO;
				GENERATE_INFOPLIST_FILE = YES;
				INFOPLIST_KEY_CFBundleDisplayName = "FD3 H-Both";
				INFOPLIST_KEY_UILaunchScreen_Generation = YES;
				INFOPLIST_KEY_UISupportedInterfaceOrientations = UIInterfaceOrientationPortrait;
				LD_RUNPATH_SEARCH_PATHS = (
					"$(inherited)",
					"@executable_path/Frameworks",
				);
				OTHER_LDFLAGS = (
					"$(inherited)",
					"-lc++",
				);
				PRODUCT_BUNDLE_IDENTIFIER = com.fightdeck.sdk.rn.harness.both;
				SDKROOT = iphoneos;
				TARGETED_DEVICE_FAMILY = "1,2";
			};
			name = Release;
		};
		BBE995D2C61F5BDAAF2E9094 /* Release */ = {
			isa = XCBuildConfiguration;
			baseConfigurationReference = 2F0214C30CFC140C3B27B8ED /* Pods-FightDeckHosts-FightDeckHarnessRuntime.release.xcconfig */;
			buildSettings = {
				ASSETCATALOG_COMPILER_APPICON_NAME = AppIcon;
				CODE_SIGN_IDENTITY = "iPhone Developer";
				ENABLE_USER_SCRIPT_SANDBOXING = NO;
				GENERATE_INFOPLIST_FILE = YES;
				INFOPLIST_KEY_CFBundleDisplayName = "FD3 H-Runtime";
				INFOPLIST_KEY_UILaunchScreen_Generation = YES;
				INFOPLIST_KEY_UISupportedInterfaceOrientations = UIInterfaceOrientationPortrait;
				LD_RUNPATH_SEARCH_PATHS = (
					"$(inherited)",
					"@executable_path/Frameworks",
				);
				OTHER_LDFLAGS = (
					"$(inherited)",
					"-lc++",
				);
				PRODUCT_BUNDLE_IDENTIFIER = com.fightdeck.sdk.rn.harness.runtime;
				SDKROOT = iphoneos;
				TARGETED_DEVICE_FAMILY = "1,2";
			};
			name = Release;
		};
		C554E35A779588579F44B8AC /* Debug */ = {
			isa = XCBuildConfiguration;
			buildSettings = {
				ALWAYS_SEARCH_USER_PATHS = NO;
				CLANG_ANALYZER_NONNULL = YES;
				CLANG_ANALYZER_NUMBER_OBJECT_CONVERSION = YES_AGGRESSIVE;
				CLANG_CXX_LANGUAGE_STANDARD = "c++20";
				CLANG_CXX_LIBRARY = "libc++";
				CLANG_ENABLE_MODULES = YES;
				CLANG_ENABLE_OBJC_ARC = YES;
				CLANG_ENABLE_OBJC_WEAK = YES;
				CLANG_WARN_BLOCK_CAPTURE_AUTORELEASING = YES;
				CLANG_WARN_BOOL_CONVERSION = YES;
				CLANG_WARN_COMMA = YES;
				CLANG_WARN_CONSTANT_CONVERSION = YES;
				CLANG_WARN_DEPRECATED_OBJC_IMPLEMENTATIONS = YES;
				CLANG_WARN_DIRECT_OBJC_ISA_USAGE = YES_ERROR;
				CLANG_WARN_DOCUMENTATION_COMMENTS = YES;
				CLANG_WARN_EMPTY_BODY = YES;
				CLANG_WARN_ENUM_CONVERSION = YES;
				CLANG_WARN_INFINITE_RECURSION = YES;
				CLANG_WARN_INT_CONVERSION = YES;
				CLANG_WARN_NON_LITERAL_NULL_CONVERSION = YES;
				CLANG_WARN_OBJC_IMPLICIT_RETAIN_SELF = YES;
				CLANG_WARN_OBJC_LITERAL_CONVERSION = YES;
				CLANG_WARN_OBJC_ROOT_CLASS = YES_ERROR;
				CLANG_WARN_QUOTED_INCLUDE_IN_FRAMEWORK_HEADER = YES;
				CLANG_WARN_RANGE_LOOP_ANALYSIS = YES;
				CLANG_WARN_STRICT_PROTOTYPES = YES;
				CLANG_WARN_SUSPICIOUS_MOVE = YES;
				CLANG_WARN_UNGUARDED_AVAILABILITY = YES_AGGRESSIVE;
				CLANG_WARN_UNREACHABLE_CODE = YES;
				CLANG_WARN__DUPLICATE_METHOD_MATCH = YES;
				CODE_SIGNING_ALLOWED = NO;
				CODE_SIGN_IDENTITY = "";
				COPY_PHASE_STRIP = NO;
				DEBUG_INFORMATION_FORMAT = dwarf;
				DEVELOPMENT_TEAM = "";
				ENABLE_STRICT_OBJC_MSGSEND = YES;
				ENABLE_TESTABILITY = YES;
				GCC_C_LANGUAGE_STANDARD = gnu11;
				GCC_DYNAMIC_NO_PIC = NO;
				GCC_NO_COMMON_BLOCKS = YES;
				GCC_OPTIMIZATION_LEVEL = 0;
				GCC_PREPROCESSOR_DEFINITIONS = (
					"$(inherited)",
					"DEBUG=1",
				);
				GCC_WARN_64_TO_32_BIT_CONVERSION = YES;
				GCC_WARN_ABOUT_RETURN_TYPE = YES_ERROR;
				GCC_WARN_UNDECLARED_SELECTOR = YES;
				GCC_WARN_UNINITIALIZED_AUTOS = YES_AGGRESSIVE;
				GCC_WARN_UNUSED_FUNCTION = YES;
				GCC_WARN_UNUSED_VARIABLE = YES;
				IPHONEOS_DEPLOYMENT_TARGET = 26.1;
				MTL_ENABLE_DEBUG_INFO = INCLUDE_SOURCE;
				MTL_FAST_MATH = YES;
				ONLY_ACTIVE_ARCH = YES;
				OTHER_CFLAGS = (
					"$(inherited)",
					"-DRCT_REMOVE_LEGACY_ARCH=1",
				);
				OTHER_CPLUSPLUSFLAGS = (
					"$(inherited)",
					"-DRCT_REMOVE_LEGACY_ARCH=1",
				);
				PODFILE_DIR = "$(SRCROOT)";
				PRODUCT_NAME = "$(TARGET_NAME)";
				REACT_NATIVE_PATH = "${PODS_ROOT}/../../sdks/core/node_modules/react-native";
				SDKROOT = iphoneos;
				SWIFT_ACTIVE_COMPILATION_CONDITIONS = "$(inherited) DEBUG";
				SWIFT_OPTIMIZATION_LEVEL = "-Onone";
				SWIFT_STRICT_CONCURRENCY = complete;
				SWIFT_VERSION = 6.0;
				USE_HERMES = true;
			};
			name = Debug;
		};
		CA0FFB70C20594FC1AC2FFAF /* Debug */ = {
			isa = XCBuildConfiguration;
			buildSettings = {
				BUNDLE_LOADER = "$(TEST_HOST)";
				GENERATE_INFOPLIST_FILE = YES;
				LD_RUNPATH_SEARCH_PATHS = (
					"$(inherited)",
					"@executable_path/Frameworks",
					"@loader_path/Frameworks",
				);
				PRODUCT_BUNDLE_IDENTIFIER = com.fightdeck.FightDeckUITests;
				SDKROOT = iphoneos;
				TARGETED_DEVICE_FAMILY = "1,2";
				TEST_TARGET_NAME = FightDeck;
			};
			name = Debug;
		};
/* End XCBuildConfiguration section */

/* Begin XCConfigurationList section */
		19BDDF83FD9CB1BD02731E33 /* Build configuration list for PBXNativeTarget "FightDeckHarnessRuntime" */ = {
			isa = XCConfigurationList;
			buildConfigurations = (
				57354A7FD65C3ABF02482FB8 /* Debug */,
				BBE995D2C61F5BDAAF2E9094 /* Release */,
			);
			defaultConfigurationIsVisible = 0;
			defaultConfigurationName = Debug;
		};
		5F353E26F03D0AC9A44F47B2 /* Build configuration list for PBXProject "FightDeck" */ = {
			isa = XCConfigurationList;
			buildConfigurations = (
				C554E35A779588579F44B8AC /* Debug */,
				2F178065AA8DE8889944FEA8 /* Release */,
			);
			defaultConfigurationIsVisible = 0;
			defaultConfigurationName = Debug;
		};
		7D0A4DBA1608825E558DA136 /* Build configuration list for PBXNativeTarget "FightDeckHarnessDeposit" */ = {
			isa = XCConfigurationList;
			buildConfigurations = (
				5686C05F69A6B5ADCE6F0288 /* Debug */,
				3CE64FC7676D5B7E6E3B070A /* Release */,
			);
			defaultConfigurationIsVisible = 0;
			defaultConfigurationName = Debug;
		};
		AE21C478BC5DC370EF8E33A0 /* Build configuration list for PBXNativeTarget "FightDeck" */ = {
			isa = XCConfigurationList;
			buildConfigurations = (
				5564E6125AEF64BFA977DA9C /* Debug */,
				A51EFA01273B92885CB2B6B4 /* Release */,
			);
			defaultConfigurationIsVisible = 0;
			defaultConfigurationName = Debug;
		};
		B7B15D16CC95842B0276D311 /* Build configuration list for PBXNativeTarget "FightDeckUITests" */ = {
			isa = XCConfigurationList;
			buildConfigurations = (
				CA0FFB70C20594FC1AC2FFAF /* Debug */,
				67FE8D83695E986DBD3919D2 /* Release */,
			);
			defaultConfigurationIsVisible = 0;
			defaultConfigurationName = Debug;
		};
		F7BC2D5C21B74ABE1A71BF06 /* Build configuration list for PBXNativeTarget "FightDeckHarnessBoth" */ = {
			isa = XCConfigurationList;
			buildConfigurations = (
				4E2A1FB3A2844F2A3395169F /* Debug */,
				AEE66E8530021720B8A98B83 /* Release */,
			);
			defaultConfigurationIsVisible = 0;
			defaultConfigurationName = Debug;
		};
/* End XCConfigurationList section */

/* Begin XCRemoteSwiftPackageReference section */
		34BF9620CC0AB094DC284E64 /* XCRemoteSwiftPackageReference "Kingfisher" */ = {
			isa = XCRemoteSwiftPackageReference;
			repositoryURL = "https://github.com/onevcat/Kingfisher.git";
			requirement = {
				kind = revision;
				revision = cf8be20d07654570554c8a8a4952bc8a5766a8b0;
			};
		};
/* End XCRemoteSwiftPackageReference section */

/* Begin XCSwiftPackageProductDependency section */
		EB24ADA9E5AFC5BCC1D7199B /* Kingfisher */ = {
			isa = XCSwiftPackageProductDependency;
			package = 34BF9620CC0AB094DC284E64 /* XCRemoteSwiftPackageReference "Kingfisher" */;
			productName = Kingfisher;
		};
/* End XCSwiftPackageProductDependency section */
	};
	rootObject = 9F0D4232E4AEFDB2469578BB /* Project object */;
}
