// !$*UTF8*$!
{
	archiveVersion = 1;
	classes = {
	};
	objectVersion = 77;
	objects = {

/* Begin PBXBuildFile section */
		121DAF6A9B96CD9E90E14CB1 /* FightDeckApp.swift in Sources */ = {isa = PBXBuildFile; fileRef = 4C795D634FBE423DA73379AD /* FightDeckApp.swift */; };
		1C84F198CEB8A156310C9CB1 /* BoutDetailView.swift in Sources */ = {isa = PBXBuildFile; fileRef = AAB442BB8215C16DC9340B4D /* BoutDetailView.swift */; };
		1E9B7F54B619FE2CC2F389E5 /* NavigationTypes.swift in Sources */ = {isa = PBXBuildFile; fileRef = 3FC75FA0405673FE2D33D98A /* NavigationTypes.swift */; };
		3129973EC0A1BE6E3FF738B4 /* JSONFileRepository.swift in Sources */ = {isa = PBXBuildFile; fileRef = 61D15408C406DA2BBD11C236 /* JSONFileRepository.swift */; };
		3541578715FFE9CEC805A044 /* FixtureLoader.swift in Sources */ = {isa = PBXBuildFile; fileRef = 8F09AEF29810752187509740 /* FixtureLoader.swift */; };
		44956BE7C18423477D63E033 /* DepositMoney.swift in Sources */ = {isa = PBXBuildFile; fileRef = 7CC8B8A3FD5357CE48E71737 /* DepositMoney.swift */; };
		4CA0A3975F16693A10482D1D /* FightCore.xcframework in Frameworks */ = {isa = PBXBuildFile; fileRef = AA88C8DDE8D08AB01162FE23 /* FightCore.xcframework */; };
		4E611D55600DAA37CC51E58B /* SharedViews.swift in Sources */ = {isa = PBXBuildFile; fileRef = F35181339B0E2720AE567AEE /* SharedViews.swift */; };
		522DBE610A93E3D90C429077 /* fightcore.swift in Sources */ = {isa = PBXBuildFile; fileRef = 494941573AFA03DA57E29891 /* fightcore.swift */; };
		5AC16DDC8278439AC39636B4 /* DisplayFormatting.swift in Sources */ = {isa = PBXBuildFile; fileRef = 5CCE11576590506A00252D6D /* DisplayFormatting.swift */; };
		6144D2CBC687417AEC64B1C3 /* FightCore.xcframework in Frameworks */ = {isa = PBXBuildFile; fileRef = AA88C8DDE8D08AB01162FE23 /* FightCore.xcframework */; };
		6BC0BF513175E7D13038C269 /* DatasetModels.swift in Sources */ = {isa = PBXBuildFile; fileRef = 5CB34A2F61DC158028871445 /* DatasetModels.swift */; };
		72A0C1EFE8F1504E099601BC /* DesignTokens.swift in Sources */ = {isa = PBXBuildFile; fileRef = 82B9CFB4C74FF65DFE48BE85 /* DesignTokens.swift */; };
		8CC540AE2FD450B9960879BA /* AppState.swift in Sources */ = {isa = PBXBuildFile; fileRef = 667CCDA71CC013177D5B28C2 /* AppState.swift */; };
		ABA9D7356B66A20625AFC74B /* EventsViews.swift in Sources */ = {isa = PBXBuildFile; fileRef = DAF3347F556E995F73653E0C /* EventsViews.swift */; };
		B32901AFEBA37B42E2A4E949 /* ScreenshotTour.swift in Sources */ = {isa = PBXBuildFile; fileRef = C3E6747490AF1A6EB8397803 /* ScreenshotTour.swift */; };
		B359B610F51E3205EEAA29EF /* NewsViews.swift in Sources */ = {isa = PBXBuildFile; fileRef = 4A5C66B1CE93502EF9451749 /* NewsViews.swift */; };
		B603524C507D3C50B68CB0A5 /* FighterProfileView.swift in Sources */ = {isa = PBXBuildFile; fileRef = 12D762AB5E58D883BC6C7987 /* FighterProfileView.swift */; };
		B875725E961CB5EF230827FD /* DepositHosting.swift in Sources */ = {isa = PBXBuildFile; fileRef = 2485A43DDAE8181054D5F8C2 /* DepositHosting.swift */; };
		CB8E928A5EE956E1044A1854 /* SlipViews.swift in Sources */ = {isa = PBXBuildFile; fileRef = BD1EF6FAE0DB9EE14EB7981D /* SlipViews.swift */; };
		CC9E2892245D2DFFE2340F88 /* FightCoreGlue.swift in Sources */ = {isa = PBXBuildFile; fileRef = B446C2F8B801B69265FA3752 /* FightCoreGlue.swift */; };
		D88514F3E77C7745F5A44E07 /* VideoScreenView.swift in Sources */ = {isa = PBXBuildFile; fileRef = AA676CB1E6AB45112C26A625 /* VideoScreenView.swift */; };
		DDFF1D921ADB8162551A7F6E /* RootView.swift in Sources */ = {isa = PBXBuildFile; fileRef = 813BD28F72479374E713963B /* RootView.swift */; };
		DFA4D23F3110353C6DEE4934 /* LocalAssetServer.swift in Sources */ = {isa = PBXBuildFile; fileRef = 6D34EEDECC04717530EBD821 /* LocalAssetServer.swift */; };
		EEE3C21C56429E390283D9FD /* FightRepository.swift in Sources */ = {isa = PBXBuildFile; fileRef = 15B935DE3BDB2F1EAF34DCAC /* FightRepository.swift */; };
		F1060FA2A462524D25A47296 /* FightCoreFixtureTests.swift in Sources */ = {isa = PBXBuildFile; fileRef = 5D66837804C3536582216021 /* FightCoreFixtureTests.swift */; };
		F2145FE5DA42059AA6E8A9DD /* Kingfisher in Frameworks */ = {isa = PBXBuildFile; productRef = EB24ADA9E5AFC5BCC1D7199B /* Kingfisher */; };
		F4D8D5E8109E0BF84F503C79 /* DepositFlowView.swift in Sources */ = {isa = PBXBuildFile; fileRef = 98D0326034EA5B85604BFA1F /* DepositFlowView.swift */; };
/* End PBXBuildFile section */

/* Begin PBXContainerItemProxy section */
		56797601E5423B32A4392475 /* PBXContainerItemProxy */ = {
			isa = PBXContainerItemProxy;
			containerPortal = 9F0D4232E4AEFDB2469578BB /* Project object */;
			proxyType = 1;
			remoteGlobalIDString = A14FF0BBB1A87FBC2C0E6EB7;
			remoteInfo = FightDeck;
		};
		F38554DA20F31E855AEE5D7A /* PBXContainerItemProxy */ = {
			isa = PBXContainerItemProxy;
			containerPortal = 9F0D4232E4AEFDB2469578BB /* Project object */;
			proxyType = 1;
			remoteGlobalIDString = A14FF0BBB1A87FBC2C0E6EB7;
			remoteInfo = FightDeck;
		};
/* End PBXContainerItemProxy section */

/* Begin PBXFileReference section */
		03266C4159887301449E7C43 /* fightcoreFFI.h */ = {isa = PBXFileReference; lastKnownFileType = sourcecode.c.h; path = fightcoreFFI.h; sourceTree = "<group>"; };
		12D762AB5E58D883BC6C7987 /* FighterProfileView.swift */ = {isa = PBXFileReference; lastKnownFileType = sourcecode.swift; path = FighterProfileView.swift; sourceTree = "<group>"; };
		15B935DE3BDB2F1EAF34DCAC /* FightRepository.swift */ = {isa = PBXFileReference; lastKnownFileType = sourcecode.swift; path = FightRepository.swift; sourceTree = "<group>"; };
		19C6FAF6C14F3469B54DAE14 /* FightDeckUITests.xctest */ = {isa = PBXFileReference; includeInIndex = 0; lastKnownFileType = wrapper.cfbundle; path = FightDeckUITests.xctest; sourceTree = BUILT_PRODUCTS_DIR; };
		2485A43DDAE8181054D5F8C2 /* DepositHosting.swift */ = {isa = PBXFileReference; lastKnownFileType = sourcecode.swift; path = DepositHosting.swift; sourceTree = "<group>"; };
		3FC75FA0405673FE2D33D98A /* NavigationTypes.swift */ = {isa = PBXFileReference; lastKnownFileType = sourcecode.swift; path = NavigationTypes.swift; sourceTree = "<group>"; };
		494941573AFA03DA57E29891 /* fightcore.swift */ = {isa = PBXFileReference; lastKnownFileType = sourcecode.swift; path = fightcore.swift; sourceTree = "<group>"; };
		4A5C66B1CE93502EF9451749 /* NewsViews.swift */ = {isa = PBXFileReference; lastKnownFileType = sourcecode.swift; path = NewsViews.swift; sourceTree = "<group>"; };
		4C795D634FBE423DA73379AD /* FightDeckApp.swift */ = {isa = PBXFileReference; lastKnownFileType = sourcecode.swift; path = FightDeckApp.swift; sourceTree = "<group>"; };
		5CB34A2F61DC158028871445 /* DatasetModels.swift */ = {isa = PBXFileReference; lastKnownFileType = sourcecode.swift; path = DatasetModels.swift; sourceTree = "<group>"; };
		5CCE11576590506A00252D6D /* DisplayFormatting.swift */ = {isa = PBXFileReference; lastKnownFileType = sourcecode.swift; path = DisplayFormatting.swift; sourceTree = "<group>"; };
		5D66837804C3536582216021 /* FightCoreFixtureTests.swift */ = {isa = PBXFileReference; lastKnownFileType = sourcecode.swift; path = FightCoreFixtureTests.swift; sourceTree = "<group>"; };
		61D15408C406DA2BBD11C236 /* JSONFileRepository.swift */ = {isa = PBXFileReference; lastKnownFileType = sourcecode.swift; path = JSONFileRepository.swift; sourceTree = "<group>"; };
		667CCDA71CC013177D5B28C2 /* AppState.swift */ = {isa = PBXFileReference; lastKnownFileType = sourcecode.swift; path = AppState.swift; sourceTree = "<group>"; };
		6873D3AC06DE9AA39B0F36B0 /* fightcoreFFI.modulemap */ = {isa = PBXFileReference; lastKnownFileType = "sourcecode.module-map"; path = fightcoreFFI.modulemap; sourceTree = "<group>"; };
		6D34EEDECC04717530EBD821 /* LocalAssetServer.swift */ = {isa = PBXFileReference; lastKnownFileType = sourcecode.swift; path = LocalAssetServer.swift; sourceTree = "<group>"; };
		7CC8B8A3FD5357CE48E71737 /* DepositMoney.swift */ = {isa = PBXFileReference; lastKnownFileType = sourcecode.swift; path = DepositMoney.swift; sourceTree = "<group>"; };
		813BD28F72479374E713963B /* RootView.swift */ = {isa = PBXFileReference; lastKnownFileType = sourcecode.swift; path = RootView.swift; sourceTree = "<group>"; };
		82B9CFB4C74FF65DFE48BE85 /* DesignTokens.swift */ = {isa = PBXFileReference; lastKnownFileType = sourcecode.swift; path = DesignTokens.swift; sourceTree = "<group>"; };
		8F09AEF29810752187509740 /* FixtureLoader.swift */ = {isa = PBXFileReference; lastKnownFileType = sourcecode.swift; path = FixtureLoader.swift; sourceTree = "<group>"; };
		98D0326034EA5B85604BFA1F /* DepositFlowView.swift */ = {isa = PBXFileReference; lastKnownFileType = sourcecode.swift; path = DepositFlowView.swift; sourceTree = "<group>"; };
		992440A70F2E2DCD051FFF1F /* FightDeck.app */ = {isa = PBXFileReference; includeInIndex = 0; lastKnownFileType = wrapper.application; path = FightDeck.app; sourceTree = BUILT_PRODUCTS_DIR; };
		AA676CB1E6AB45112C26A625 /* VideoScreenView.swift */ = {isa = PBXFileReference; lastKnownFileType = sourcecode.swift; path = VideoScreenView.swift; sourceTree = "<group>"; };
		AA88C8DDE8D08AB01162FE23 /* FightCore.xcframework */ = {isa = PBXFileReference; lastKnownFileType = wrapper.xcframework; name = FightCore.xcframework; path = ../sdks/core/out/FightCore.xcframework; sourceTree = "<group>"; };
		AAB442BB8215C16DC9340B4D /* BoutDetailView.swift */ = {isa = PBXFileReference; lastKnownFileType = sourcecode.swift; path = BoutDetailView.swift; sourceTree = "<group>"; };
		B446C2F8B801B69265FA3752 /* FightCoreGlue.swift */ = {isa = PBXFileReference; lastKnownFileType = sourcecode.swift; path = FightCoreGlue.swift; sourceTree = "<group>"; };
		BD1EF6FAE0DB9EE14EB7981D /* SlipViews.swift */ = {isa = PBXFileReference; lastKnownFileType = sourcecode.swift; path = SlipViews.swift; sourceTree = "<group>"; };
		C3E6747490AF1A6EB8397803 /* ScreenshotTour.swift */ = {isa = PBXFileReference; lastKnownFileType = sourcecode.swift; path = ScreenshotTour.swift; sourceTree = "<group>"; };
		DAF3347F556E995F73653E0C /* EventsViews.swift */ = {isa = PBXFileReference; lastKnownFileType = sourcecode.swift; path = EventsViews.swift; sourceTree = "<group>"; };
		F35181339B0E2720AE567AEE /* SharedViews.swift */ = {isa = PBXFileReference; lastKnownFileType = sourcecode.swift; path = SharedViews.swift; sourceTree = "<group>"; };
		FBD7A4403486B6739A2A7833 /* FightDeckTests.xctest */ = {isa = PBXFileReference; includeInIndex = 0; lastKnownFileType = wrapper.cfbundle; path = FightDeckTests.xctest; sourceTree = BUILT_PRODUCTS_DIR; };
/* End PBXFileReference section */

/* Begin PBXFrameworksBuildPhase section */
		33C50239AE2251F8FA5CE1F1 /* Frameworks */ = {
			isa = PBXFrameworksBuildPhase;
			buildActionMask = 2147483647;
			files = (
				6144D2CBC687417AEC64B1C3 /* FightCore.xcframework in Frameworks */,
			);
			runOnlyForDeploymentPostprocessing = 0;
		};
		8FB1D06474B2D730B4A262FC /* Frameworks */ = {
			isa = PBXFrameworksBuildPhase;
			buildActionMask = 2147483647;
			files = (
				4CA0A3975F16693A10482D1D /* FightCore.xcframework in Frameworks */,
				F2145FE5DA42059AA6E8A9DD /* Kingfisher in Frameworks */,
			);
			runOnlyForDeploymentPostprocessing = 0;
		};
/* End PBXFrameworksBuildPhase section */

/* Begin PBXGroup section */
		0AF51DEFCBAE2066E68C8B5A /* FightDeckTests */ = {
			isa = PBXGroup;
			children = (
				5D66837804C3536582216021 /* FightCoreFixtureTests.swift */,
				8F09AEF29810752187509740 /* FixtureLoader.swift */,
			);
			path = FightDeckTests;
			sourceTree = "<group>";
		};
		0FEDBDDAC1739C981E1110C6 /* Fighter */ = {
			isa = PBXGroup;
			children = (
				12D762AB5E58D883BC6C7987 /* FighterProfileView.swift */,
			);
			path = Fighter;
			sourceTree = "<group>";
		};
		19BF9CE4D715EB0BF35D72DE /* Core */ = {
			isa = PBXGroup;
			children = (
				5CCE11576590506A00252D6D /* DisplayFormatting.swift */,
				B446C2F8B801B69265FA3752 /* FightCoreGlue.swift */,
			);
			path = Core;
			sourceTree = "<group>";
		};
		1A992D0B696BC9CBBD148621 /* FightDeck */ = {
			isa = PBXGroup;
			children = (
				FC9A8117960E37A37439C968 /* App */,
				19BF9CE4D715EB0BF35D72DE /* Core */,
				DD501D722148505373B76B7C /* Data */,
				597885188A52341204C88A1C /* Deposit */,
				AC106BAA8D8C9E35E88A5DB7 /* Design */,
				BB2ACDBD1A29E5EB7A4575B7 /* Features */,
				9DB30B02F6D5FF14A9B89E9A /* Generated */,
				FE9EE388C310ED4AB6AE0712 /* Services */,
			);
			path = FightDeck;
			sourceTree = "<group>";
		};
		291FDAC4F8BE766B9255E642 /* Slip */ = {
			isa = PBXGroup;
			children = (
				BD1EF6FAE0DB9EE14EB7981D /* SlipViews.swift */,
			);
			path = Slip;
			sourceTree = "<group>";
		};
		597885188A52341204C88A1C /* Deposit */ = {
			isa = PBXGroup;
			children = (
				98D0326034EA5B85604BFA1F /* DepositFlowView.swift */,
				2485A43DDAE8181054D5F8C2 /* DepositHosting.swift */,
				7CC8B8A3FD5357CE48E71737 /* DepositMoney.swift */,
			);
			path = Deposit;
			sourceTree = "<group>";
		};
		60BFBC836841FB27DECDD988 /* News */ = {
			isa = PBXGroup;
			children = (
				4A5C66B1CE93502EF9451749 /* NewsViews.swift */,
			);
			path = News;
			sourceTree = "<group>";
		};
		82C37178834349B1B81A4370 /* Frameworks */ = {
			isa = PBXGroup;
			children = (
				AA88C8DDE8D08AB01162FE23 /* FightCore.xcframework */,
			);
			name = Frameworks;
			sourceTree = "<group>";
		};
		9DB30B02F6D5FF14A9B89E9A /* Generated */ = {
			isa = PBXGroup;
			children = (
				494941573AFA03DA57E29891 /* fightcore.swift */,
				03266C4159887301449E7C43 /* fightcoreFFI.h */,
				6873D3AC06DE9AA39B0F36B0 /* fightcoreFFI.modulemap */,
			);
			path = Generated;
			sourceTree = "<group>";
		};
		9F8C945A0C8FB47D84AF102F = {
			isa = PBXGroup;
			children = (
				1A992D0B696BC9CBBD148621 /* FightDeck */,
				0AF51DEFCBAE2066E68C8B5A /* FightDeckTests */,
				E3612764317CDA593DFB745F /* FightDeckUITests */,
				82C37178834349B1B81A4370 /* Frameworks */,
				A1088A6E4DD381B5E286242F /* Products */,
			);
			sourceTree = "<group>";
		};
		A1088A6E4DD381B5E286242F /* Products */ = {
			isa = PBXGroup;
			children = (
				992440A70F2E2DCD051FFF1F /* FightDeck.app */,
				FBD7A4403486B6739A2A7833 /* FightDeckTests.xctest */,
				19C6FAF6C14F3469B54DAE14 /* FightDeckUITests.xctest */,
			);
			name = Products;
			sourceTree = "<group>";
		};
		AC106BAA8D8C9E35E88A5DB7 /* Design */ = {
			isa = PBXGroup;
			children = (
				82B9CFB4C74FF65DFE48BE85 /* DesignTokens.swift */,
				F35181339B0E2720AE567AEE /* SharedViews.swift */,
			);
			path = Design;
			sourceTree = "<group>";
		};
		B3841DF99C502708B47473FF /* Video */ = {
			isa = PBXGroup;
			children = (
				AA676CB1E6AB45112C26A625 /* VideoScreenView.swift */,
			);
			path = Video;
			sourceTree = "<group>";
		};
		BB2ACDBD1A29E5EB7A4575B7 /* Features */ = {
			isa = PBXGroup;
			children = (
				D683F966B6BF1040B731A301 /* Events */,
				0FEDBDDAC1739C981E1110C6 /* Fighter */,
				60BFBC836841FB27DECDD988 /* News */,
				291FDAC4F8BE766B9255E642 /* Slip */,
				B3841DF99C502708B47473FF /* Video */,
			);
			path = Features;
			sourceTree = "<group>";
		};
		D683F966B6BF1040B731A301 /* Events */ = {
			isa = PBXGroup;
			children = (
				AAB442BB8215C16DC9340B4D /* BoutDetailView.swift */,
				DAF3347F556E995F73653E0C /* EventsViews.swift */,
			);
			path = Events;
			sourceTree = "<group>";
		};
		DD501D722148505373B76B7C /* Data */ = {
			isa = PBXGroup;
			children = (
				5CB34A2F61DC158028871445 /* DatasetModels.swift */,
				15B935DE3BDB2F1EAF34DCAC /* FightRepository.swift */,
				61D15408C406DA2BBD11C236 /* JSONFileRepository.swift */,
			);
			path = Data;
			sourceTree = "<group>";
		};
		E3612764317CDA593DFB745F /* FightDeckUITests */ = {
			isa = PBXGroup;
			children = (
				C3E6747490AF1A6EB8397803 /* ScreenshotTour.swift */,
			);
			path = FightDeckUITests;
			sourceTree = "<group>";
		};
		FC9A8117960E37A37439C968 /* App */ = {
			isa = PBXGroup;
			children = (
				667CCDA71CC013177D5B28C2 /* AppState.swift */,
				4C795D634FBE423DA73379AD /* FightDeckApp.swift */,
				3FC75FA0405673FE2D33D98A /* NavigationTypes.swift */,
				813BD28F72479374E713963B /* RootView.swift */,
			);
			path = App;
			sourceTree = "<group>";
		};
		FE9EE388C310ED4AB6AE0712 /* Services */ = {
			isa = PBXGroup;
			children = (
				6D34EEDECC04717530EBD821 /* LocalAssetServer.swift */,
			);
			path = Services;
			sourceTree = "<group>";
		};
/* End PBXGroup section */

/* Begin PBXNativeTarget section */
		4E593AC1BB4F8BA756C61049 /* FightDeckUITests */ = {
			isa = PBXNativeTarget;
			buildConfigurationList = B7B15D16CC95842B0276D311 /* Build configuration list for PBXNativeTarget "FightDeckUITests" */;
			buildPhases = (
				E8F74D1D220DC49B5AFC32CE /* Sources */,
			);
			buildRules = (
			);
			dependencies = (
				800E654811EE2322AF35036B /* PBXTargetDependency */,
			);
			name = FightDeckUITests;
			packageProductDependencies = (
			);
			productName = FightDeckUITests;
			productReference = 19C6FAF6C14F3469B54DAE14 /* FightDeckUITests.xctest */;
			productType = "com.apple.product-type.bundle.ui-testing";
		};
		A14FF0BBB1A87FBC2C0E6EB7 /* FightDeck */ = {
			isa = PBXNativeTarget;
			buildConfigurationList = AE21C478BC5DC370EF8E33A0 /* Build configuration list for PBXNativeTarget "FightDeck" */;
			buildPhases = (
				3AD307C6196DE9DC1C5BD5E4 /* Sources */,
				8FB1D06474B2D730B4A262FC /* Frameworks */,
			);
			buildRules = (
			);
			dependencies = (
			);
			name = FightDeck;
			packageProductDependencies = (
				EB24ADA9E5AFC5BCC1D7199B /* Kingfisher */,
			);
			productName = FightDeck;
			productReference = 992440A70F2E2DCD051FFF1F /* FightDeck.app */;
			productType = "com.apple.product-type.application";
		};
		FAC8A24A8EB552C6AB2A0082 /* FightDeckTests */ = {
			isa = PBXNativeTarget;
			buildConfigurationList = 319B674106FBB6C9F22CA2FC /* Build configuration list for PBXNativeTarget "FightDeckTests" */;
			buildPhases = (
				7803833338AE1A336F01B2A3 /* Sources */,
				33C50239AE2251F8FA5CE1F1 /* Frameworks */,
			);
			buildRules = (
			);
			dependencies = (
				13CF3E8661E32E1A754460FF /* PBXTargetDependency */,
			);
			name = FightDeckTests;
			packageProductDependencies = (
			);
			productName = FightDeckTests;
			productReference = FBD7A4403486B6739A2A7833 /* FightDeckTests.xctest */;
			productType = "com.apple.product-type.bundle.unit-test";
		};
/* End PBXNativeTarget section */

/* Begin PBXProject section */
		9F0D4232E4AEFDB2469578BB /* Project object */ = {
			isa = PBXProject;
			attributes = {
				BuildIndependentTargetsInParallel = YES;
				LastUpgradeCheck = 1430;
				TargetAttributes = {
					4E593AC1BB4F8BA756C61049 = {
						DevelopmentTeam = "";
						TestTargetID = A14FF0BBB1A87FBC2C0E6EB7;
					};
					A14FF0BBB1A87FBC2C0E6EB7 = {
						DevelopmentTeam = "";
					};
					FAC8A24A8EB552C6AB2A0082 = {
						DevelopmentTeam = "";
					};
				};
			};
			buildConfigurationList = 5F353E26F03D0AC9A44F47B2 /* Build configuration list for PBXProject "FightDeck" */;
			developmentRegion = en;
			hasScannedForEncodings = 0;
			knownRegions = (
				Base,
				en,
			);
			mainGroup = 9F8C945A0C8FB47D84AF102F;
			minimizedProjectReferenceProxies = 1;
			packageReferences = (
				34BF9620CC0AB094DC284E64 /* XCRemoteSwiftPackageReference "Kingfisher" */,
			);
			preferredProjectObjectVersion = 77;
			productRefGroup = A1088A6E4DD381B5E286242F /* Products */;
			projectDirPath = "";
			projectRoot = "";
			targets = (
				A14FF0BBB1A87FBC2C0E6EB7 /* FightDeck */,
				FAC8A24A8EB552C6AB2A0082 /* FightDeckTests */,
				4E593AC1BB4F8BA756C61049 /* FightDeckUITests */,
			);
		};
/* End PBXProject section */

/* Begin PBXSourcesBuildPhase section */
		3AD307C6196DE9DC1C5BD5E4 /* Sources */ = {
			isa = PBXSourcesBuildPhase;
			buildActionMask = 2147483647;
			files = (
				8CC540AE2FD450B9960879BA /* AppState.swift in Sources */,
				1C84F198CEB8A156310C9CB1 /* BoutDetailView.swift in Sources */,
				6BC0BF513175E7D13038C269 /* DatasetModels.swift in Sources */,
				F4D8D5E8109E0BF84F503C79 /* DepositFlowView.swift in Sources */,
				B875725E961CB5EF230827FD /* DepositHosting.swift in Sources */,
				44956BE7C18423477D63E033 /* DepositMoney.swift in Sources */,
				72A0C1EFE8F1504E099601BC /* DesignTokens.swift in Sources */,
				5AC16DDC8278439AC39636B4 /* DisplayFormatting.swift in Sources */,
				ABA9D7356B66A20625AFC74B /* EventsViews.swift in Sources */,
				CC9E2892245D2DFFE2340F88 /* FightCoreGlue.swift in Sources */,
				121DAF6A9B96CD9E90E14CB1 /* FightDeckApp.swift in Sources */,
				EEE3C21C56429E390283D9FD /* FightRepository.swift in Sources */,
				B603524C507D3C50B68CB0A5 /* FighterProfileView.swift in Sources */,
				3129973EC0A1BE6E3FF738B4 /* JSONFileRepository.swift in Sources */,
				DFA4D23F3110353C6DEE4934 /* LocalAssetServer.swift in Sources */,
				1E9B7F54B619FE2CC2F389E5 /* NavigationTypes.swift in Sources */,
				B359B610F51E3205EEAA29EF /* NewsViews.swift in Sources */,
				DDFF1D921ADB8162551A7F6E /* RootView.swift in Sources */,
				4E611D55600DAA37CC51E58B /* SharedViews.swift in Sources */,
				CB8E928A5EE956E1044A1854 /* SlipViews.swift in Sources */,
				D88514F3E77C7745F5A44E07 /* VideoScreenView.swift in Sources */,
				522DBE610A93E3D90C429077 /* fightcore.swift in Sources */,
			);
			runOnlyForDeploymentPostprocessing = 0;
		};
		7803833338AE1A336F01B2A3 /* Sources */ = {
			isa = PBXSourcesBuildPhase;
			buildActionMask = 2147483647;
			files = (
				F1060FA2A462524D25A47296 /* FightCoreFixtureTests.swift in Sources */,
				3541578715FFE9CEC805A044 /* FixtureLoader.swift in Sources */,
			);
			runOnlyForDeploymentPostprocessing = 0;
		};
		E8F74D1D220DC49B5AFC32CE /* Sources */ = {
			isa = PBXSourcesBuildPhase;
			buildActionMask = 2147483647;
			files = (
				B32901AFEBA37B42E2A4E949 /* ScreenshotTour.swift in Sources */,
			);
			runOnlyForDeploymentPostprocessing = 0;
		};
/* End PBXSourcesBuildPhase section */

/* Begin PBXTargetDependency section */
		13CF3E8661E32E1A754460FF /* PBXTargetDependency */ = {
			isa = PBXTargetDependency;
			target = A14FF0BBB1A87FBC2C0E6EB7 /* FightDeck */;
			targetProxy = 56797601E5423B32A4392475 /* PBXContainerItemProxy */;
		};
		800E654811EE2322AF35036B /* PBXTargetDependency */ = {
			isa = PBXTargetDependency;
			target = A14FF0BBB1A87FBC2C0E6EB7 /* FightDeck */;
			targetProxy = F38554DA20F31E855AEE5D7A /* PBXContainerItemProxy */;
		};
/* End PBXTargetDependency section */

/* Begin XCBuildConfiguration section */
		27FEBE321CFC6FC39A4B766C /* Release */ = {
			isa = XCBuildConfiguration;
			buildSettings = {
				BUNDLE_LOADER = "$(TEST_HOST)";
				FRAMEWORK_SEARCH_PATHS = (
					"$(SRCROOT)/../sdks/core/out",
					"\"../sdks/core/out\"",
				);
				GENERATE_INFOPLIST_FILE = YES;
				HEADER_SEARCH_PATHS = (
					"$(SRCROOT)/FightDeck/Generated",
				);
				LD_RUNPATH_SEARCH_PATHS = (
					"$(inherited)",
					"@executable_path/Frameworks",
					"@loader_path/Frameworks",
				);
				OTHER_CFLAGS = (
					"-fmodule-map-file=$(SRCROOT)/FightDeck/Generated/fightcoreFFI.modulemap",
				);
				OTHER_LDFLAGS = (
					"-lc++",
				);
				OTHER_SWIFT_FLAGS = (
					"-Xcc",
					"-fmodule-map-file=$(SRCROOT)/FightDeck/Generated/fightcoreFFI.modulemap",
				);
				PRODUCT_BUNDLE_IDENTIFIER = com.fightdeck.rust.tests;
				SDKROOT = iphoneos;
				SWIFT_INCLUDE_PATHS = (
					"$(SRCROOT)/FightDeck/Generated",
				);
				TARGETED_DEVICE_FAMILY = "1,2";
				TEST_HOST = "$(BUILT_PRODUCTS_DIR)/FightDeck.app/FightDeck";
			};
			name = Release;
		};
		2F178065AA8DE8889944FEA8 /* Release */ = {
			isa = XCBuildConfiguration;
			buildSettings = {
				ALWAYS_SEARCH_USER_PATHS = NO;
				CLANG_ANALYZER_NONNULL = YES;
				CLANG_ANALYZER_NUMBER_OBJECT_CONVERSION = YES_AGGRESSIVE;
				CLANG_CXX_LANGUAGE_STANDARD = "gnu++14";
				CLANG_CXX_LIBRARY = "libc++";
				CLANG_ENABLE_MODULES = YES;
				CLANG_ENABLE_OBJC_ARC = YES;
				CLANG_ENABLE_OBJC_WEAK = YES;
				CLANG_WARN_BLOCK_CAPTURE_AUTORELEASING = YES;
				CLANG_WARN_BOOL_CONVERSION = YES;
				CLANG_WARN_COMMA = YES;
				CLANG_WARN_CONSTANT_CONVERSION = YES;
				CLANG_WARN_DEPRECATED_OBJC_IMPLEMENTATIONS = YES;
				CLANG_WARN_DIRECT_OBJC_ISA_USAGE = YES_ERROR;
				CLANG_WARN_DOCUMENTATION_COMMENTS = YES;
				CLANG_WARN_EMPTY_BODY = YES;
				CLANG_WARN_ENUM_CONVERSION = YES;
				CLANG_WARN_INFINITE_RECURSION = YES;
				CLANG_WARN_INT_CONVERSION = YES;
				CLANG_WARN_NON_LITERAL_NULL_CONVERSION = YES;
				CLANG_WARN_OBJC_IMPLICIT_RETAIN_SELF = YES;
				CLANG_WARN_OBJC_LITERAL_CONVERSION = YES;
				CLANG_WARN_OBJC_ROOT_CLASS = YES_ERROR;
				CLANG_WARN_QUOTED_INCLUDE_IN_FRAMEWORK_HEADER = YES;
				CLANG_WARN_RANGE_LOOP_ANALYSIS = YES;
				CLANG_WARN_STRICT_PROTOTYPES = YES;
				CLANG_WARN_SUSPICIOUS_MOVE = YES;
				CLANG_WARN_UNGUARDED_AVAILABILITY = YES_AGGRESSIVE;
				CLANG_WARN_UNREACHABLE_CODE = YES;
				CLANG_WARN__DUPLICATE_METHOD_MATCH = YES;
				CODE_SIGNING_ALLOWED = NO;
				CODE_SIGN_IDENTITY = "";
				COPY_PHASE_STRIP = NO;
				DEBUG_INFORMATION_FORMAT = "dwarf-with-dsym";
				DEVELOPMENT_TEAM = "";
				ENABLE_NS_ASSERTIONS = NO;
				ENABLE_STRICT_OBJC_MSGSEND = YES;
				GCC_C_LANGUAGE_STANDARD = gnu11;
				GCC_NO_COMMON_BLOCKS = YES;
				GCC_WARN_64_TO_32_BIT_CONVERSION = YES;
				GCC_WARN_ABOUT_RETURN_TYPE = YES_ERROR;
				GCC_WARN_UNDECLARED_SELECTOR = YES;
				GCC_WARN_UNINITIALIZED_AUTOS = YES_AGGRESSIVE;
				GCC_WARN_UNUSED_FUNCTION = YES;
				GCC_WARN_UNUSED_VARIABLE = YES;
				IPHONEOS_DEPLOYMENT_TARGET = 26.1;
				MTL_ENABLE_DEBUG_INFO = NO;
				MTL_FAST_MATH = YES;
				PRODUCT_NAME = "$(TARGET_NAME)";
				SDKROOT = iphoneos;
				SWIFT_COMPILATION_MODE = wholemodule;
				SWIFT_OPTIMIZATION_LEVEL = "-O";
				SWIFT_STRICT_CONCURRENCY = minimal;
				SWIFT_VERSION = 6.0;
			};
			name = Release;
		};
		5564E6125AEF64BFA977DA9C /* Debug */ = {
			isa = XCBuildConfiguration;
			buildSettings = {
				ASSETCATALOG_COMPILER_APPICON_NAME = AppIcon;
				CODE_SIGN_IDENTITY = "iPhone Developer";
				FRAMEWORK_SEARCH_PATHS = (
					"$(SRCROOT)/../sdks/core/out",
					"\"../sdks/core/out\"",
				);
				GENERATE_INFOPLIST_FILE = YES;
				HEADER_SEARCH_PATHS = (
					"$(SRCROOT)/FightDeck/Generated",
				);
				INFOPLIST_KEY_CFBundleDisplayName = "FD 2 Rust";
				INFOPLIST_KEY_NSLocalNetworkUsageDescription = "Serves dataset images over localhost for demo image loading.";
				INFOPLIST_KEY_UILaunchScreen_Generation = YES;
				INFOPLIST_KEY_UISupportedInterfaceOrientations = UIInterfaceOrientationPortrait;
				LD_RUNPATH_SEARCH_PATHS = (
					"$(inherited)",
					"@executable_path/Frameworks",
				);
				OTHER_CFLAGS = (
					"-fmodule-map-file=$(SRCROOT)/FightDeck/Generated/fightcoreFFI.modulemap",
				);
				OTHER_LDFLAGS = (
					"-lc++",
				);
				OTHER_SWIFT_FLAGS = (
					"-Xcc",
					"-fmodule-map-file=$(SRCROOT)/FightDeck/Generated/fightcoreFFI.modulemap",
				);
				PRODUCT_BUNDLE_IDENTIFIER = com.fightdeck.rust;
				SDKROOT = iphoneos;
				SWIFT_INCLUDE_PATHS = (
					"$(SRCROOT)/FightDeck/Generated",
				);
				TARGETED_DEVICE_FAMILY = "1,2";
			};
			name = Debug;
		};
		67FE8D83695E986DBD3919D2 /* Release */ = {
			isa = XCBuildConfiguration;
			buildSettings = {
				BUNDLE_LOADER = "$(TEST_HOST)";
				GENERATE_INFOPLIST_FILE = YES;
				LD_RUNPATH_SEARCH_PATHS = (
					"$(inherited)",
					"@executable_path/Frameworks",
					"@loader_path/Frameworks",
				);
				PRODUCT_BUNDLE_IDENTIFIER = com.fightdeck.rust.uitests;
				SDKROOT = iphoneos;
				TARGETED_DEVICE_FAMILY = "1,2";
				TEST_TARGET_NAME = FightDeck;
			};
			name = Release;
		};
		934AD1C2A7A914B671AA2192 /* Debug */ = {
			isa = XCBuildConfiguration;
			buildSettings = {
				BUNDLE_LOADER = "$(TEST_HOST)";
				FRAMEWORK_SEARCH_PATHS = (
					"$(SRCROOT)/../sdks/core/out",
					"\"../sdks/core/out\"",
				);
				GENERATE_INFOPLIST_FILE = YES;
				HEADER_SEARCH_PATHS = (
					"$(SRCROOT)/FightDeck/Generated",
				);
				LD_RUNPATH_SEARCH_PATHS = (
					"$(inherited)",
					"@executable_path/Frameworks",
					"@loader_path/Frameworks",
				);
				OTHER_CFLAGS = (
					"-fmodule-map-file=$(SRCROOT)/FightDeck/Generated/fightcoreFFI.modulemap",
				);
				OTHER_LDFLAGS = (
					"-lc++",
				);
				OTHER_SWIFT_FLAGS = (
					"-Xcc",
					"-fmodule-map-file=$(SRCROOT)/FightDeck/Generated/fightcoreFFI.modulemap",
				);
				PRODUCT_BUNDLE_IDENTIFIER = com.fightdeck.rust.tests;
				SDKROOT = iphoneos;
				SWIFT_INCLUDE_PATHS = (
					"$(SRCROOT)/FightDeck/Generated",
				);
				TARGETED_DEVICE_FAMILY = "1,2";
				TEST_HOST = "$(BUILT_PRODUCTS_DIR)/FightDeck.app/FightDeck";
			};
			name = Debug;
		};
		A51EFA01273B92885CB2B6B4 /* Release */ = {
			isa = XCBuildConfiguration;
			buildSettings = {
				ASSETCATALOG_COMPILER_APPICON_NAME = AppIcon;
				CODE_SIGN_IDENTITY = "iPhone Developer";
				FRAMEWORK_SEARCH_PATHS = (
					"$(SRCROOT)/../sdks/core/out",
					"\"../sdks/core/out\"",
				);
				GENERATE_INFOPLIST_FILE = YES;
				HEADER_SEARCH_PATHS = (
					"$(SRCROOT)/FightDeck/Generated",
				);
				INFOPLIST_KEY_CFBundleDisplayName = "FD 2 Rust";
				INFOPLIST_KEY_NSLocalNetworkUsageDescription = "Serves dataset images over localhost for demo image loading.";
				INFOPLIST_KEY_UILaunchScreen_Generation = YES;
				INFOPLIST_KEY_UISupportedInterfaceOrientations = UIInterfaceOrientationPortrait;
				LD_RUNPATH_SEARCH_PATHS = (
					"$(inherited)",
					"@executable_path/Frameworks",
				);
				OTHER_CFLAGS = (
					"-fmodule-map-file=$(SRCROOT)/FightDeck/Generated/fightcoreFFI.modulemap",
				);
				OTHER_LDFLAGS = (
					"-lc++",
				);
				OTHER_SWIFT_FLAGS = (
					"-Xcc",
					"-fmodule-map-file=$(SRCROOT)/FightDeck/Generated/fightcoreFFI.modulemap",
				);
				PRODUCT_BUNDLE_IDENTIFIER = com.fightdeck.rust;
				SDKROOT = iphoneos;
				SWIFT_INCLUDE_PATHS = (
					"$(SRCROOT)/FightDeck/Generated",
				);
				TARGETED_DEVICE_FAMILY = "1,2";
			};
			name = Release;
		};
		C554E35A779588579F44B8AC /* Debug */ = {
			isa = XCBuildConfiguration;
			buildSettings = {
				ALWAYS_SEARCH_USER_PATHS = NO;
				CLANG_ANALYZER_NONNULL = YES;
				CLANG_ANALYZER_NUMBER_OBJECT_CONVERSION = YES_AGGRESSIVE;
				CLANG_CXX_LANGUAGE_STANDARD = "gnu++14";
				CLANG_CXX_LIBRARY = "libc++";
				CLANG_ENABLE_MODULES = YES;
				CLANG_ENABLE_OBJC_ARC = YES;
				CLANG_ENABLE_OBJC_WEAK = YES;
				CLANG_WARN_BLOCK_CAPTURE_AUTORELEASING = YES;
				CLANG_WARN_BOOL_CONVERSION = YES;
				CLANG_WARN_COMMA = YES;
				CLANG_WARN_CONSTANT_CONVERSION = YES;
				CLANG_WARN_DEPRECATED_OBJC_IMPLEMENTATIONS = YES;
				CLANG_WARN_DIRECT_OBJC_ISA_USAGE = YES_ERROR;
				CLANG_WARN_DOCUMENTATION_COMMENTS = YES;
				CLANG_WARN_EMPTY_BODY = YES;
				CLANG_WARN_ENUM_CONVERSION = YES;
				CLANG_WARN_INFINITE_RECURSION = YES;
				CLANG_WARN_INT_CONVERSION = YES;
				CLANG_WARN_NON_LITERAL_NULL_CONVERSION = YES;
				CLANG_WARN_OBJC_IMPLICIT_RETAIN_SELF = YES;
				CLANG_WARN_OBJC_LITERAL_CONVERSION = YES;
				CLANG_WARN_OBJC_ROOT_CLASS = YES_ERROR;
				CLANG_WARN_QUOTED_INCLUDE_IN_FRAMEWORK_HEADER = YES;
				CLANG_WARN_RANGE_LOOP_ANALYSIS = YES;
				CLANG_WARN_STRICT_PROTOTYPES = YES;
				CLANG_WARN_SUSPICIOUS_MOVE = YES;
				CLANG_WARN_UNGUARDED_AVAILABILITY = YES_AGGRESSIVE;
				CLANG_WARN_UNREACHABLE_CODE = YES;
				CLANG_WARN__DUPLICATE_METHOD_MATCH = YES;
				CODE_SIGNING_ALLOWED = NO;
				CODE_SIGN_IDENTITY = "";
				COPY_PHASE_STRIP = NO;
				DEBUG_INFORMATION_FORMAT = dwarf;
				DEVELOPMENT_TEAM = "";
				ENABLE_STRICT_OBJC_MSGSEND = YES;
				ENABLE_TESTABILITY = YES;
				GCC_C_LANGUAGE_STANDARD = gnu11;
				GCC_DYNAMIC_NO_PIC = NO;
				GCC_NO_COMMON_BLOCKS = YES;
				GCC_OPTIMIZATION_LEVEL = 0;
				GCC_PREPROCESSOR_DEFINITIONS = (
					"$(inherited)",
					"DEBUG=1",
				);
				GCC_WARN_64_TO_32_BIT_CONVERSION = YES;
				GCC_WARN_ABOUT_RETURN_TYPE = YES_ERROR;
				GCC_WARN_UNDECLARED_SELECTOR = YES;
				GCC_WARN_UNINITIALIZED_AUTOS = YES_AGGRESSIVE;
				GCC_WARN_UNUSED_FUNCTION = YES;
				GCC_WARN_UNUSED_VARIABLE = YES;
				IPHONEOS_DEPLOYMENT_TARGET = 26.1;
				MTL_ENABLE_DEBUG_INFO = INCLUDE_SOURCE;
				MTL_FAST_MATH = YES;
				ONLY_ACTIVE_ARCH = YES;
				PRODUCT_NAME = "$(TARGET_NAME)";
				SDKROOT = iphoneos;
				SWIFT_ACTIVE_COMPILATION_CONDITIONS = DEBUG;
				SWIFT_OPTIMIZATION_LEVEL = "-Onone";
				SWIFT_STRICT_CONCURRENCY = minimal;
				SWIFT_VERSION = 6.0;
			};
			name = Debug;
		};
		CA0FFB70C20594FC1AC2FFAF /* Debug */ = {
			isa = XCBuildConfiguration;
			buildSettings = {
				BUNDLE_LOADER = "$(TEST_HOST)";
				GENERATE_INFOPLIST_FILE = YES;
				LD_RUNPATH_SEARCH_PATHS = (
					"$(inherited)",
					"@executable_path/Frameworks",
					"@loader_path/Frameworks",
				);
				PRODUCT_BUNDLE_IDENTIFIER = com.fightdeck.rust.uitests;
				SDKROOT = iphoneos;
				TARGETED_DEVICE_FAMILY = "1,2";
				TEST_TARGET_NAME = FightDeck;
			};
			name = Debug;
		};
/* End XCBuildConfiguration section */

/* Begin XCConfigurationList section */
		319B674106FBB6C9F22CA2FC /* Build configuration list for PBXNativeTarget "FightDeckTests" */ = {
			isa = XCConfigurationList;
			buildConfigurations = (
				934AD1C2A7A914B671AA2192 /* Debug */,
				27FEBE321CFC6FC39A4B766C /* Release */,
			);
			defaultConfigurationIsVisible = 0;
			defaultConfigurationName = Debug;
		};
		5F353E26F03D0AC9A44F47B2 /* Build configuration list for PBXProject "FightDeck" */ = {
			isa = XCConfigurationList;
			buildConfigurations = (
				C554E35A779588579F44B8AC /* Debug */,
				2F178065AA8DE8889944FEA8 /* Release */,
			);
			defaultConfigurationIsVisible = 0;
			defaultConfigurationName = Debug;
		};
		AE21C478BC5DC370EF8E33A0 /* Build configuration list for PBXNativeTarget "FightDeck" */ = {
			isa = XCConfigurationList;
			buildConfigurations = (
				5564E6125AEF64BFA977DA9C /* Debug */,
				A51EFA01273B92885CB2B6B4 /* Release */,
			);
			defaultConfigurationIsVisible = 0;
			defaultConfigurationName = Debug;
		};
		B7B15D16CC95842B0276D311 /* Build configuration list for PBXNativeTarget "FightDeckUITests" */ = {
			isa = XCConfigurationList;
			buildConfigurations = (
				CA0FFB70C20594FC1AC2FFAF /* Debug */,
				67FE8D83695E986DBD3919D2 /* Release */,
			);
			defaultConfigurationIsVisible = 0;
			defaultConfigurationName = Debug;
		};
/* End XCConfigurationList section */

/* Begin XCRemoteSwiftPackageReference section */
		34BF9620CC0AB094DC284E64 /* XCRemoteSwiftPackageReference "Kingfisher" */ = {
			isa = XCRemoteSwiftPackageReference;
			repositoryURL = "https://github.com/onevcat/Kingfisher.git";
			requirement = {
				kind = revision;
				revision = cf8be20d07654570554c8a8a4952bc8a5766a8b0;
			};
		};
/* End XCRemoteSwiftPackageReference section */

/* Begin XCSwiftPackageProductDependency section */
		EB24ADA9E5AFC5BCC1D7199B /* Kingfisher */ = {
			isa = XCSwiftPackageProductDependency;
			package = 34BF9620CC0AB094DC284E64 /* XCRemoteSwiftPackageReference "Kingfisher" */;
			productName = Kingfisher;
		};
/* End XCSwiftPackageProductDependency section */
	};
	rootObject = 9F0D4232E4AEFDB2469578BB /* Project object */;
}
